// !$*UTF8*$!
{
	archiveVersion = 1;
	classes = {
	};
	objectVersion = 56;
	objects = {

/* Begin PBXBuildFile section */
		685834802ADD7B010093E002 /* Board.swift in Sources */ = {isa = PBXBuildFile; fileRef = 680DA34F2ADD74690084D65F /* Board.swift */; };
		685834812ADD7B010093E002 /* Position.swift in Sources */ = {isa = PBXBuildFile; fileRef = 680DA3532ADD75500084D65F /* Position.swift */; };
		6863C1002AE6B5D6008741DB /* BlackPieceTests.swift in Sources */ = {isa = PBXBuildFile; fileRef = 6863C0FF2AE6B5D6008741DB /* BlackPieceTests.swift */; };
		6863C1022AE6B713008741DB /* WhitePieceTests.swift in Sources */ = {isa = PBXBuildFile; fileRef = 6863C1012AE6B713008741DB /* WhitePieceTests.swift */; };
		6875AAC92ADD842400AB7E2E /* Column.swift in Sources */ = {isa = PBXBuildFile; fileRef = 6875AAC82ADD842400AB7E2E /* Column.swift */; };
		68E78A4B2AE3B36400BC6F12 /* ChessPiece.swift in Sources */ = {isa = PBXBuildFile; fileRef = 68E78A4A2AE3B36400BC6F12 /* ChessPiece.swift */; };
		68E78A4D2AE4D08800BC6F12 /* Rank.swift in Sources */ = {isa = PBXBuildFile; fileRef = 68E78A4C2AE4D08800BC6F12 /* Rank.swift */; };
		68E78A4F2AE4D22E00BC6F12 /* Define.swift in Sources */ = {isa = PBXBuildFile; fileRef = 68E78A4E2AE4D22E00BC6F12 /* Define.swift */; };
		68E78A512AE5789C00BC6F12 /* BoardTests.swift in Sources */ = {isa = PBXBuildFile; fileRef = 68E78A502AE5789C00BC6F12 /* BoardTests.swift */; };
		68E78A532AE58CC800BC6F12 /* PieceInfo.swift in Sources */ = {isa = PBXBuildFile; fileRef = 68E78A522AE58CC800BC6F12 /* PieceInfo.swift */; };
		68F4E5762AD9978B00B0526B /* AppDelegate.swift in Sources */ = {isa = PBXBuildFile; fileRef = 68F4E5752AD9978B00B0526B /* AppDelegate.swift */; };
		68F4E5782AD9978B00B0526B /* SceneDelegate.swift in Sources */ = {isa = PBXBuildFile; fileRef = 68F4E5772AD9978B00B0526B /* SceneDelegate.swift */; };
		68F4E57A2AD9978B00B0526B /* ViewController.swift in Sources */ = {isa = PBXBuildFile; fileRef = 68F4E5792AD9978B00B0526B /* ViewController.swift */; };
		68F4E57D2AD9978B00B0526B /* Main.storyboard in Resources */ = {isa = PBXBuildFile; fileRef = 68F4E57B2AD9978B00B0526B /* Main.storyboard */; };
		68F4E57F2AD9978C00B0526B /* Assets.xcassets in Resources */ = {isa = PBXBuildFile; fileRef = 68F4E57E2AD9978C00B0526B /* Assets.xcassets */; };
		68F4E5822AD9978C00B0526B /* LaunchScreen.storyboard in Resources */ = {isa = PBXBuildFile; fileRef = 68F4E5802AD9978C00B0526B /* LaunchScreen.storyboard */; };
		68F4E5972AD9978C00B0526B /* ChessUITests.swift in Sources */ = {isa = PBXBuildFile; fileRef = 68F4E5962AD9978C00B0526B /* ChessUITests.swift */; };
		68F4E5992AD9978C00B0526B /* ChessUITestsLaunchTests.swift in Sources */ = {isa = PBXBuildFile; fileRef = 68F4E5982AD9978C00B0526B /* ChessUITestsLaunchTests.swift */; };
/* End PBXBuildFile section */

/* Begin PBXContainerItemProxy section */
		6858347A2ADD7AF70093E002 /* PBXContainerItemProxy */ = {
			isa = PBXContainerItemProxy;
			containerPortal = 68F4E56A2AD9978B00B0526B /* Project object */;
			proxyType = 1;
			remoteGlobalIDString = 68F4E5712AD9978B00B0526B;
			remoteInfo = Chess;
		};
		68F4E5932AD9978C00B0526B /* PBXContainerItemProxy */ = {
			isa = PBXContainerItemProxy;
			containerPortal = 68F4E56A2AD9978B00B0526B /* Project object */;
			proxyType = 1;
			remoteGlobalIDString = 68F4E5712AD9978B00B0526B;
			remoteInfo = Chess;
		};
/* End PBXContainerItemProxy section */

/* Begin PBXFileReference section */
		680DA34F2ADD74690084D65F /* Board.swift */ = {isa = PBXFileReference; lastKnownFileType = sourcecode.swift; path = Board.swift; sourceTree = "<group>"; };
		680DA3532ADD75500084D65F /* Position.swift */ = {isa = PBXFileReference; lastKnownFileType = sourcecode.swift; path = Position.swift; sourceTree = "<group>"; };
		685834762ADD7AF70093E002 /* ChessTests.xctest */ = {isa = PBXFileReference; explicitFileType = wrapper.cfbundle; includeInIndex = 0; path = ChessTests.xctest; sourceTree = BUILT_PRODUCTS_DIR; };
		6863C0FF2AE6B5D6008741DB /* BlackPieceTests.swift */ = {isa = PBXFileReference; lastKnownFileType = sourcecode.swift; path = BlackPieceTests.swift; sourceTree = "<group>"; };
		6863C1012AE6B713008741DB /* WhitePieceTests.swift */ = {isa = PBXFileReference; lastKnownFileType = sourcecode.swift; path = WhitePieceTests.swift; sourceTree = "<group>"; };
		6875AAC82ADD842400AB7E2E /* Column.swift */ = {isa = PBXFileReference; lastKnownFileType = sourcecode.swift; path = Column.swift; sourceTree = "<group>"; };
		68E78A4A2AE3B36400BC6F12 /* ChessPiece.swift */ = {isa = PBXFileReference; lastKnownFileType = sourcecode.swift; path = ChessPiece.swift; sourceTree = "<group>"; };
		68E78A4C2AE4D08800BC6F12 /* Rank.swift */ = {isa = PBXFileReference; lastKnownFileType = sourcecode.swift; path = Rank.swift; sourceTree = "<group>"; };
		68E78A4E2AE4D22E00BC6F12 /* Define.swift */ = {isa = PBXFileReference; lastKnownFileType = sourcecode.swift; path = Define.swift; sourceTree = "<group>"; };
		68E78A502AE5789C00BC6F12 /* BoardTests.swift */ = {isa = PBXFileReference; lastKnownFileType = sourcecode.swift; path = BoardTests.swift; sourceTree = "<group>"; };
		68E78A522AE58CC800BC6F12 /* PieceInfo.swift */ = {isa = PBXFileReference; lastKnownFileType = sourcecode.swift; path = PieceInfo.swift; sourceTree = "<group>"; };
		68F4E5722AD9978B00B0526B /* Chess.app */ = {isa = PBXFileReference; explicitFileType = wrapper.application; includeInIndex = 0; path = Chess.app; sourceTree = BUILT_PRODUCTS_DIR; };
		68F4E5752AD9978B00B0526B /* AppDelegate.swift */ = {isa = PBXFileReference; lastKnownFileType = sourcecode.swift; path = AppDelegate.swift; sourceTree = "<group>"; };
		68F4E5772AD9978B00B0526B /* SceneDelegate.swift */ = {isa = PBXFileReference; lastKnownFileType = sourcecode.swift; path = SceneDelegate.swift; sourceTree = "<group>"; };
		68F4E5792AD9978B00B0526B /* ViewController.swift */ = {isa = PBXFileReference; lastKnownFileType = sourcecode.swift; path = ViewController.swift; sourceTree = "<group>"; };
		68F4E57C2AD9978B00B0526B /* Base */ = {isa = PBXFileReference; lastKnownFileType = file.storyboard; name = Base; path = Base.lproj/Main.storyboard; sourceTree = "<group>"; };
		68F4E57E2AD9978C00B0526B /* Assets.xcassets */ = {isa = PBXFileReference; lastKnownFileType = folder.assetcatalog; path = Assets.xcassets; sourceTree = "<group>"; };
		68F4E5812AD9978C00B0526B /* Base */ = {isa = PBXFileReference; lastKnownFileType = file.storyboard; name = Base; path = Base.lproj/LaunchScreen.storyboard; sourceTree = "<group>"; };
		68F4E5832AD9978C00B0526B /* Info.plist */ = {isa = PBXFileReference; lastKnownFileType = text.plist.xml; path = Info.plist; sourceTree = "<group>"; };
		68F4E5922AD9978C00B0526B /* ChessUITests.xctest */ = {isa = PBXFileReference; explicitFileType = wrapper.cfbundle; includeInIndex = 0; path = ChessUITests.xctest; sourceTree = BUILT_PRODUCTS_DIR; };
		68F4E5962AD9978C00B0526B /* ChessUITests.swift */ = {isa = PBXFileReference; lastKnownFileType = sourcecode.swift; path = ChessUITests.swift; sourceTree = "<group>"; };
		68F4E5982AD9978C00B0526B /* ChessUITestsLaunchTests.swift */ = {isa = PBXFileReference; lastKnownFileType = sourcecode.swift; path = ChessUITestsLaunchTests.swift; sourceTree = "<group>"; };
/* End PBXFileReference section */

/* Begin PBXFrameworksBuildPhase section */
		685834732ADD7AF70093E002 /* Frameworks */ = {
			isa = PBXFrameworksBuildPhase;
			buildActionMask = 2147483647;
			files = (
			);
			runOnlyForDeploymentPostprocessing = 0;
		};
		68F4E56F2AD9978B00B0526B /* Frameworks */ = {
			isa = PBXFrameworksBuildPhase;
			buildActionMask = 2147483647;
			files = (
			);
			runOnlyForDeploymentPostprocessing = 0;
		};
		68F4E58F2AD9978C00B0526B /* Frameworks */ = {
			isa = PBXFrameworksBuildPhase;
			buildActionMask = 2147483647;
			files = (
			);
			runOnlyForDeploymentPostprocessing = 0;
		};
/* End PBXFrameworksBuildPhase section */

/* Begin PBXGroup section */
		685834772ADD7AF70093E002 /* ChessTests */ = {
			isa = PBXGroup;
			children = (
				68E78A502AE5789C00BC6F12 /* BoardTests.swift */,
				6863C1012AE6B713008741DB /* WhitePieceTests.swift */,
				6863C0FF2AE6B5D6008741DB /* BlackPieceTests.swift */,
				68E78A4A2AE3B36400BC6F12 /* ChessPiece.swift */,
				68E78A522AE58CC800BC6F12 /* PieceInfo.swift */,
				680DA34F2ADD74690084D65F /* Board.swift */,
				6875AAC82ADD842400AB7E2E /* Column.swift */,
				68E78A4C2AE4D08800BC6F12 /* Rank.swift */,
				680DA3532ADD75500084D65F /* Position.swift */,
				68E78A4E2AE4D22E00BC6F12 /* Define.swift */,
			);
			path = ChessTests;
			sourceTree = "<group>";
		};
		68F4E5692AD9978B00B0526B = {
			isa = PBXGroup;
			children = (
				68F4E5742AD9978B00B0526B /* Chess */,
				685834772ADD7AF70093E002 /* ChessTests */,
				68F4E5952AD9978C00B0526B /* ChessUITests */,
				68F4E5732AD9978B00B0526B /* Products */,
			);
			sourceTree = "<group>";
		};
		68F4E5732AD9978B00B0526B /* Products */ = {
			isa = PBXGroup;
			children = (
				68F4E5722AD9978B00B0526B /* Chess.app */,
				68F4E5922AD9978C00B0526B /* ChessUITests.xctest */,
				685834762ADD7AF70093E002 /* ChessTests.xctest */,
			);
			name = Products;
			sourceTree = "<group>";
		};
		68F4E5742AD9978B00B0526B /* Chess */ = {
			isa = PBXGroup;
			children = (
				68F4E5752AD9978B00B0526B /* AppDelegate.swift */,
				68F4E5772AD9978B00B0526B /* SceneDelegate.swift */,
				68F4E5792AD9978B00B0526B /* ViewController.swift */,
				68F4E57B2AD9978B00B0526B /* Main.storyboard */,
				68F4E57E2AD9978C00B0526B /* Assets.xcassets */,
				68F4E5802AD9978C00B0526B /* LaunchScreen.storyboard */,
				68F4E5832AD9978C00B0526B /* Info.plist */,
			);
			path = Chess;
			sourceTree = "<group>";
		};
		68F4E5952AD9978C00B0526B /* ChessUITests */ = {
			isa = PBXGroup;
			children = (
				68F4E5962AD9978C00B0526B /* ChessUITests.swift */,
				68F4E5982AD9978C00B0526B /* ChessUITestsLaunchTests.swift */,
			);
			path = ChessUITests;
			sourceTree = "<group>";
		};
/* End PBXGroup section */

/* Begin PBXNativeTarget section */
		685834752ADD7AF70093E002 /* ChessTests */ = {
			isa = PBXNativeTarget;
			buildConfigurationList = 6858347C2ADD7AF70093E002 /* Build configuration list for PBXNativeTarget "ChessTests" */;
			buildPhases = (
				685834722ADD7AF70093E002 /* Sources */,
				685834732ADD7AF70093E002 /* Frameworks */,
				685834742ADD7AF70093E002 /* Resources */,
			);
			buildRules = (
			);
			dependencies = (
				6858347B2ADD7AF70093E002 /* PBXTargetDependency */,
			);
			name = ChessTests;
			productName = ChessTests;
			productReference = 685834762ADD7AF70093E002 /* ChessTests.xctest */;
			productType = "com.apple.product-type.bundle.unit-test";
		};
		68F4E5712AD9978B00B0526B /* Chess */ = {
			isa = PBXNativeTarget;
			buildConfigurationList = 68F4E59C2AD9978C00B0526B /* Build configuration list for PBXNativeTarget "Chess" */;
			buildPhases = (
				68F4E56E2AD9978B00B0526B /* Sources */,
				68F4E56F2AD9978B00B0526B /* Frameworks */,
				68F4E5702AD9978B00B0526B /* Resources */,
			);
			buildRules = (
			);
			dependencies = (
			);
			name = Chess;
			productName = Chess;
			productReference = 68F4E5722AD9978B00B0526B /* Chess.app */;
			productType = "com.apple.product-type.application";
		};
		68F4E5912AD9978C00B0526B /* ChessUITests */ = {
			isa = PBXNativeTarget;
			buildConfigurationList = 68F4E5A22AD9978C00B0526B /* Build configuration list for PBXNativeTarget "ChessUITests" */;
			buildPhases = (
				68F4E58E2AD9978C00B0526B /* Sources */,
				68F4E58F2AD9978C00B0526B /* Frameworks */,
				68F4E5902AD9978C00B0526B /* Resources */,
			);
			buildRules = (
			);
			dependencies = (
				68F4E5942AD9978C00B0526B /* PBXTargetDependency */,
			);
			name = ChessUITests;
			productName = ChessUITests;
			productReference = 68F4E5922AD9978C00B0526B /* ChessUITests.xctest */;
			productType = "com.apple.product-type.bundle.ui-testing";
		};
/* End PBXNativeTarget section */

/* Begin PBXProject section */
		68F4E56A2AD9978B00B0526B /* Project object */ = {
			isa = PBXProject;
			attributes = {
				BuildIndependentTargetsInParallel = 1;
				LastSwiftUpdateCheck = 1430;
				LastUpgradeCheck = 1430;
				TargetAttributes = {
					685834752ADD7AF70093E002 = {
						CreatedOnToolsVersion = 14.3;
						TestTargetID = 68F4E5712AD9978B00B0526B;
					};
					68F4E5712AD9978B00B0526B = {
						CreatedOnToolsVersion = 14.3;
					};
					68F4E5912AD9978C00B0526B = {
						CreatedOnToolsVersion = 14.3;
						TestTargetID = 68F4E5712AD9978B00B0526B;
					};
				};
			};
			buildConfigurationList = 68F4E56D2AD9978B00B0526B /* Build configuration list for PBXProject "Chess" */;
			compatibilityVersion = "Xcode 14.0";
			developmentRegion = en;
			hasScannedForEncodings = 0;
			knownRegions = (
				en,
				Base,
			);
			mainGroup = 68F4E5692AD9978B00B0526B;
			productRefGroup = 68F4E5732AD9978B00B0526B /* Products */;
			projectDirPath = "";
			projectRoot = "";
			targets = (
				68F4E5712AD9978B00B0526B /* Chess */,
				685834752ADD7AF70093E002 /* ChessTests */,
				68F4E5912AD9978C00B0526B /* ChessUITests */,
			);
		};
/* End PBXProject section */

/* Begin PBXResourcesBuildPhase section */
		685834742ADD7AF70093E002 /* Resources */ = {
			isa = PBXResourcesBuildPhase;
			buildActionMask = 2147483647;
			files = (
			);
			runOnlyForDeploymentPostprocessing = 0;
		};
		68F4E5702AD9978B00B0526B /* Resources */ = {
			isa = PBXResourcesBuildPhase;
			buildActionMask = 2147483647;
			files = (
				68F4E5822AD9978C00B0526B /* LaunchScreen.storyboard in Resources */,
				68F4E57F2AD9978C00B0526B /* Assets.xcassets in Resources */,
				68F4E57D2AD9978B00B0526B /* Main.storyboard in Resources */,
			);
			runOnlyForDeploymentPostprocessing = 0;
		};
		68F4E5902AD9978C00B0526B /* Resources */ = {
			isa = PBXResourcesBuildPhase;
			buildActionMask = 2147483647;
			files = (
			);
			runOnlyForDeploymentPostprocessing = 0;
		};
/* End PBXResourcesBuildPhase section */

/* Begin PBXSourcesBuildPhase section */
		685834722ADD7AF70093E002 /* Sources */ = {
			isa = PBXSourcesBuildPhase;
			buildActionMask = 2147483647;
			files = (
				6863C1022AE6B713008741DB /* WhitePieceTests.swift in Sources */,
				6863C1002AE6B5D6008741DB /* BlackPieceTests.swift in Sources */,
				6875AAC92ADD842400AB7E2E /* Column.swift in Sources */,
				68E78A4F2AE4D22E00BC6F12 /* Define.swift in Sources */,
				685834812ADD7B010093E002 /* Position.swift in Sources */,
				685834802ADD7B010093E002 /* Board.swift in Sources */,
				68E78A4D2AE4D08800BC6F12 /* Rank.swift in Sources */,
				68E78A532AE58CC800BC6F12 /* PieceInfo.swift in Sources */,
				68E78A512AE5789C00BC6F12 /* BoardTests.swift in Sources */,
				68E78A4B2AE3B36400BC6F12 /* ChessPiece.swift in Sources */,
			);
			runOnlyForDeploymentPostprocessing = 0;
		};
		68F4E56E2AD9978B00B0526B /* Sources */ = {
			isa = PBXSourcesBuildPhase;
			buildActionMask = 2147483647;
			files = (
				68F4E57A2AD9978B00B0526B /* ViewController.swift in Sources */,
				68F4E5762AD9978B00B0526B /* AppDelegate.swift in Sources */,
				68F4E5782AD9978B00B0526B /* SceneDelegate.swift in Sources */,
			);
			runOnlyForDeploymentPostprocessing = 0;
		};
		68F4E58E2AD9978C00B0526B /* Sources */ = {
			isa = PBXSourcesBuildPhase;
			buildActionMask = 2147483647;
			files = (
				68F4E5972AD9978C00B0526B /* ChessUITests.swift in Sources */,
				68F4E5992AD9978C00B0526B /* ChessUITestsLaunchTests.swift in Sources */,
			);
			runOnlyForDeploymentPostprocessing = 0;
		};
/* End PBXSourcesBuildPhase section */

/* Begin PBXTargetDependency section */
		6858347B2ADD7AF70093E002 /* PBXTargetDependency */ = {
			isa = PBXTargetDependency;
			target = 68F4E5712AD9978B00B0526B /* Chess */;
			targetProxy = 6858347A2ADD7AF70093E002 /* PBXContainerItemProxy */;
		};
		68F4E5942AD9978C00B0526B /* PBXTargetDependency */ = {
			isa = PBXTargetDependency;
			target = 68F4E5712AD9978B00B0526B /* Chess */;
			targetProxy = 68F4E5932AD9978C00B0526B /* PBXContainerItemProxy */;
		};
/* End PBXTargetDependency section */

/* Begin PBXVariantGroup section */
		68F4E57B2AD9978B00B0526B /* Main.storyboard */ = {
			isa = PBXVariantGroup;
			children = (
				68F4E57C2AD9978B00B0526B /* Base */,
			);
			name = Main.storyboard;
			sourceTree = "<group>";
		};
		68F4E5802AD9978C00B0526B /* LaunchScreen.storyboard */ = {
			isa = PBXVariantGroup;
			children = (
				68F4E5812AD9978C00B0526B /* Base */,
			);
			name = LaunchScreen.storyboard;
			sourceTree = "<group>";
		};
/* End PBXVariantGroup section */

/* Begin XCBuildConfiguration section */
		6858347D2ADD7AF70093E002 /* Debug */ = {
			isa = XCBuildConfiguration;
			buildSettings = {
				BUNDLE_LOADER = "$(TEST_HOST)";
				CODE_SIGN_STYLE = Automatic;
				CURRENT_PROJECT_VERSION = 1;
				DEVELOPMENT_TEAM = X2WF6FR3RY;
				GENERATE_INFOPLIST_FILE = YES;
				IPHONEOS_DEPLOYMENT_TARGET = 16.4;
				MARKETING_VERSION = 1.0;
				PRODUCT_BUNDLE_IDENTIFIER = ann.beckwon.ChessTests;
				PRODUCT_NAME = "$(TARGET_NAME)";
				SWIFT_EMIT_LOC_STRINGS = NO;
				SWIFT_VERSION = 5.0;
				TARGETED_DEVICE_FAMILY = "1,2";
				TEST_HOST = "$(BUILT_PRODUCTS_DIR)/Chess.app/$(BUNDLE_EXECUTABLE_FOLDER_PATH)/Chess";
			};
			name = Debug;
		};
		6858347E2ADD7AF70093E002 /* Release */ = {
			isa = XCBuildConfiguration;
			buildSettings = {
				BUNDLE_LOADER = "$(TEST_HOST)";
				CODE_SIGN_STYLE = Automatic;
				CURRENT_PROJECT_VERSION = 1;
				DEVELOPMENT_TEAM = X2WF6FR3RY;
				GENERATE_INFOPLIST_FILE = YES;
				IPHONEOS_DEPLOYMENT_TARGET = 16.4;
				MARKETING_VERSION = 1.0;
				PRODUCT_BUNDLE_IDENTIFIER = ann.beckwon.ChessTests;
				PRODUCT_NAME = "$(TARGET_NAME)";
				SWIFT_EMIT_LOC_STRINGS = NO;
				SWIFT_VERSION = 5.0;
				TARGETED_DEVICE_FAMILY = "1,2";
				TEST_HOST = "$(BUILT_PRODUCTS_DIR)/Chess.app/$(BUNDLE_EXECUTABLE_FOLDER_PATH)/Chess";
			};
			name = Release;
		};
		68F4E59A2AD9978C00B0526B /* Debug */ = {
			isa = XCBuildConfiguration;
			buildSettings = {
				ALWAYS_SEARCH_USER_PATHS = NO;
				CLANG_ANALYZER_NONNULL = YES;
				CLANG_ANALYZER_NUMBER_OBJECT_CONVERSION = YES_AGGRESSIVE;
				CLANG_CXX_LANGUAGE_STANDARD = "gnu++20";
				CLANG_ENABLE_MODULES = YES;
				CLANG_ENABLE_OBJC_ARC = YES;
				CLANG_ENABLE_OBJC_WEAK = YES;
				CLANG_WARN_BLOCK_CAPTURE_AUTORELEASING = YES;
				CLANG_WARN_BOOL_CONVERSION = YES;
				CLANG_WARN_COMMA = YES;
				CLANG_WARN_CONSTANT_CONVERSION = YES;
				CLANG_WARN_DEPRECATED_OBJC_IMPLEMENTATIONS = YES;
				CLANG_WARN_DIRECT_OBJC_ISA_USAGE = YES_ERROR;
				CLANG_WARN_DOCUMENTATION_COMMENTS = YES;
				CLANG_WARN_EMPTY_BODY = YES;
				CLANG_WARN_ENUM_CONVERSION = YES;
				CLANG_WARN_INFINITE_RECURSION = YES;
				CLANG_WARN_INT_CONVERSION = YES;
				CLANG_WARN_NON_LITERAL_NULL_CONVERSION = YES;
				CLANG_WARN_OBJC_IMPLICIT_RETAIN_SELF = YES;
				CLANG_WARN_OBJC_LITERAL_CONVERSION = YES;
				CLANG_WARN_OBJC_ROOT_CLASS = YES_ERROR;
				CLANG_WARN_QUOTED_INCLUDE_IN_FRAMEWORK_HEADER = YES;
				CLANG_WARN_RANGE_LOOP_ANALYSIS = YES;
				CLANG_WARN_STRICT_PROTOTYPES = YES;
				CLANG_WARN_SUSPICIOUS_MOVE = YES;
				CLANG_WARN_UNGUARDED_AVAILABILITY = YES_AGGRESSIVE;
				CLANG_WARN_UNREACHABLE_CODE = YES;
				CLANG_WARN__DUPLICATE_METHOD_MATCH = YES;
				COPY_PHASE_STRIP = NO;
				DEBUG_INFORMATION_FORMAT = dwarf;
				ENABLE_STRICT_OBJC_MSGSEND = YES;
				ENABLE_TESTABILITY = YES;
				GCC_C_LANGUAGE_STANDARD = gnu11;
				GCC_DYNAMIC_NO_PIC = NO;
				GCC_NO_COMMON_BLOCKS = YES;
				GCC_OPTIMIZATION_LEVEL = 0;
				GCC_PREPROCESSOR_DEFINITIONS = (
					"DEBUG=1",
					"$(inherited)",
				);
				GCC_WARN_64_TO_32_BIT_CONVERSION = YES;
				GCC_WARN_ABOUT_RETURN_TYPE = YES_ERROR;
				GCC_WARN_UNDECLARED_SELECTOR = YES;
				GCC_WARN_UNINITIALIZED_AUTOS = YES_AGGRESSIVE;
				GCC_WARN_UNUSED_FUNCTION = YES;
				GCC_WARN_UNUSED_VARIABLE = YES;
				IPHONEOS_DEPLOYMENT_TARGET = 14.0;
				MTL_ENABLE_DEBUG_INFO = INCLUDE_SOURCE;
				MTL_FAST_MATH = YES;
				ONLY_ACTIVE_ARCH = YES;
				SDKROOT = iphoneos;
				SWIFT_ACTIVE_COMPILATION_CONDITIONS = DEBUG;
				SWIFT_OPTIMIZATION_LEVEL = "-Onone";
			};
			name = Debug;
		};
		68F4E59B2AD9978C00B0526B /* Release */ = {
			isa = XCBuildConfiguration;
			buildSettings = {
				ALWAYS_SEARCH_USER_PATHS = NO;
				CLANG_ANALYZER_NONNULL = YES;
				CLANG_ANALYZER_NUMBER_OBJECT_CONVERSION = YES_AGGRESSIVE;
				CLANG_CXX_LANGUAGE_STANDARD = "gnu++20";
				CLANG_ENABLE_MODULES = YES;
				CLANG_ENABLE_OBJC_ARC = YES;
				CLANG_ENABLE_OBJC_WEAK = YES;
				CLANG_WARN_BLOCK_CAPTURE_AUTORELEASING = YES;
				CLANG_WARN_BOOL_CONVERSION = YES;
				CLANG_WARN_COMMA = YES;
				CLANG_WARN_CONSTANT_CONVERSION = YES;
				CLANG_WARN_DEPRECATED_OBJC_IMPLEMENTATIONS = YES;
				CLANG_WARN_DIRECT_OBJC_ISA_USAGE = YES_ERROR;
				CLANG_WARN_DOCUMENTATION_COMMENTS = YES;
				CLANG_WARN_EMPTY_BODY = YES;
				CLANG_WARN_ENUM_CONVERSION = YES;
				CLANG_WARN_INFINITE_RECURSION = YES;
				CLANG_WARN_INT_CONVERSION = YES;
				CLANG_WARN_NON_LITERAL_NULL_CONVERSION = YES;
				CLANG_WARN_OBJC_IMPLICIT_RETAIN_SELF = YES;
				CLANG_WARN_OBJC_LITERAL_CONVERSION = YES;
				CLANG_WARN_OBJC_ROOT_CLASS = YES_ERROR;
				CLANG_WARN_QUOTED_INCLUDE_IN_FRAMEWORK_HEADER = YES;
				CLANG_WARN_RANGE_LOOP_ANALYSIS = YES;
				CLANG_WARN_STRICT_PROTOTYPES = YES;
				CLANG_WARN_SUSPICIOUS_MOVE = YES;
				CLANG_WARN_UNGUARDED_AVAILABILITY = YES_AGGRESSIVE;
				CLANG_WARN_UNREACHABLE_CODE = YES;
				CLANG_WARN__DUPLICATE_METHOD_MATCH = YES;
				COPY_PHASE_STRIP = NO;
				DEBUG_INFORMATION_FORMAT = "dwarf-with-dsym";
				ENABLE_NS_ASSERTIONS = NO;
				ENABLE_STRICT_OBJC_MSGSEND = YES;
				GCC_C_LANGUAGE_STANDARD = gnu11;
				GCC_NO_COMMON_BLOCKS = YES;
				GCC_WARN_64_TO_32_BIT_CONVERSION = YES;
				GCC_WARN_ABOUT_RETURN_TYPE = YES_ERROR;
				GCC_WARN_UNDECLARED_SELECTOR = YES;
				GCC_WARN_UNINITIALIZED_AUTOS = YES_AGGRESSIVE;
				GCC_WARN_UNUSED_FUNCTION = YES;
				GCC_WARN_UNUSED_VARIABLE = YES;
				IPHONEOS_DEPLOYMENT_TARGET = 14.0;
				MTL_ENABLE_DEBUG_INFO = NO;
				MTL_FAST_MATH = YES;
				SDKROOT = iphoneos;
				SWIFT_COMPILATION_MODE = wholemodule;
				SWIFT_OPTIMIZATION_LEVEL = "-O";
				VALIDATE_PRODUCT = YES;
			};
			name = Release;
		};
		68F4E59D2AD9978C00B0526B /* Debug */ = {
			isa = XCBuildConfiguration;
			buildSettings = {
				ASSETCATALOG_COMPILER_APPICON_NAME = AppIcon;
				ASSETCATALOG_COMPILER_GLOBAL_ACCENT_COLOR_NAME = AccentColor;
				CODE_SIGN_STYLE = Automatic;
				CURRENT_PROJECT_VERSION = 1;
				DEVELOPMENT_TEAM = X2WF6FR3RY;
				GENERATE_INFOPLIST_FILE = YES;
				INFOPLIST_FILE = Chess/Info.plist;
				INFOPLIST_KEY_UIApplicationSupportsIndirectInputEvents = YES;
				INFOPLIST_KEY_UILaunchStoryboardName = LaunchScreen;
				INFOPLIST_KEY_UIMainStoryboardFile = Main;
				INFOPLIST_KEY_UISupportedInterfaceOrientations_iPad = "UIInterfaceOrientationPortrait UIInterfaceOrientationPortraitUpsideDown UIInterfaceOrientationLandscapeLeft UIInterfaceOrientationLandscapeRight";
				INFOPLIST_KEY_UISupportedInterfaceOrientations_iPhone = "UIInterfaceOrientationPortrait UIInterfaceOrientationLandscapeLeft UIInterfaceOrientationLandscapeRight";
				LD_RUNPATH_SEARCH_PATHS = (
					"$(inherited)",
					"@executable_path/Frameworks",
				);
				MARKETING_VERSION = 1.0;
				PRODUCT_BUNDLE_IDENTIFIER = ann.beckwon.Chess;
				PRODUCT_NAME = "$(TARGET_NAME)";
				SWIFT_EMIT_LOC_STRINGS = YES;
				SWIFT_VERSION = 5.0;
				TARGETED_DEVICE_FAMILY = "1,2";
			};
			name = Debug;
		};
		68F4E59E2AD9978C00B0526B /* Release */ = {
			isa = XCBuildConfiguration;
			buildSettings = {
				ASSETCATALOG_COMPILER_APPICON_NAME = AppIcon;
				ASSETCATALOG_COMPILER_GLOBAL_ACCENT_COLOR_NAME = AccentColor;
				CODE_SIGN_STYLE = Automatic;
				CURRENT_PROJECT_VERSION = 1;
				DEVELOPMENT_TEAM = X2WF6FR3RY;
				GENERATE_INFOPLIST_FILE = YES;
				INFOPLIST_FILE = Chess/Info.plist;
				INFOPLIST_KEY_UIApplicationSupportsIndirectInputEvents = YES;
				INFOPLIST_KEY_UILaunchStoryboardName = LaunchScreen;
				INFOPLIST_KEY_UIMainStoryboardFile = Main;
				INFOPLIST_KEY_UISupportedInterfaceOrientations_iPad = "UIInterfaceOrientationPortrait UIInterfaceOrientationPortraitUpsideDown UIInterfaceOrientationLandscapeLeft UIInterfaceOrientationLandscapeRight";
				INFOPLIST_KEY_UISupportedInterfaceOrientations_iPhone = "UIInterfaceOrientationPortrait UIInterfaceOrientationLandscapeLeft UIInterfaceOrientationLandscapeRight";
				LD_RUNPATH_SEARCH_PATHS = (
					"$(inherited)",
					"@executable_path/Frameworks",
				);
				MARKETING_VERSION = 1.0;
				PRODUCT_BUNDLE_IDENTIFIER = ann.beckwon.Chess;
				PRODUCT_NAME = "$(TARGET_NAME)";
				SWIFT_EMIT_LOC_STRINGS = YES;
				SWIFT_VERSION = 5.0;
				TARGETED_DEVICE_FAMILY = "1,2";
			};
			name = Release;
		};
		68F4E5A32AD9978C00B0526B /* Debug */ = {
			isa = XCBuildConfiguration;
			buildSettings = {
				ALWAYS_EMBED_SWIFT_STANDARD_LIBRARIES = YES;
				CODE_SIGN_STYLE = Automatic;
				CURRENT_PROJECT_VERSION = 1;
				DEVELOPMENT_TEAM = X2WF6FR3RY;
				GENERATE_INFOPLIST_FILE = YES;
				MARKETING_VERSION = 1.0;
				PRODUCT_BUNDLE_IDENTIFIER = ann.beckwon.ChessUITests;
				PRODUCT_NAME = "$(TARGET_NAME)";
				SWIFT_EMIT_LOC_STRINGS = NO;
				SWIFT_VERSION = 5.0;
				TARGETED_DEVICE_FAMILY = "1,2";
				TEST_TARGET_NAME = Chess;
			};
			name = Debug;
		};
		68F4E5A42AD9978C00B0526B /* Release */ = {
			isa = XCBuildConfiguration;
			buildSettings = {
				ALWAYS_EMBED_SWIFT_STANDARD_LIBRARIES = YES;
				CODE_SIGN_STYLE = Automatic;
				CURRENT_PROJECT_VERSION = 1;
				DEVELOPMENT_TEAM = X2WF6FR3RY;
				GENERATE_INFOPLIST_FILE = YES;
				MARKETING_VERSION = 1.0;
				PRODUCT_BUNDLE_IDENTIFIER = ann.beckwon.ChessUITests;
				PRODUCT_NAME = "$(TARGET_NAME)";
				SWIFT_EMIT_LOC_STRINGS = NO;
				SWIFT_VERSION = 5.0;
				TARGETED_DEVICE_FAMILY = "1,2";
				TEST_TARGET_NAME = Chess;
			};
			name = Release;
		};
/* End XCBuildConfiguration section */

/* Begin XCConfigurationList section */
		6858347C2ADD7AF70093E002 /* Build configuration list for PBXNativeTarget "ChessTests" */ = {
			isa = XCConfigurationList;
			buildConfigurations = (
				6858347D2ADD7AF70093E002 /* Debug */,
				6858347E2ADD7AF70093E002 /* Release */,
			);
			defaultConfigurationIsVisible = 0;
			defaultConfigurationName = Release;
		};
		68F4E56D2AD9978B00B0526B /* Build configuration list for PBXProject "Chess" */ = {
			isa = XCConfigurationList;
			buildConfigurations = (
				68F4E59A2AD9978C00B0526B /* Debug */,
				68F4E59B2AD9978C00B0526B /* Release */,
			);
			defaultConfigurationIsVisible = 0;
			defaultConfigurationName = Release;
		};
		68F4E59C2AD9978C00B0526B /* Build configuration list for PBXNativeTarget "Chess" */ = {
			isa = XCConfigurationList;
			buildConfigurations = (
				68F4E59D2AD9978C00B0526B /* Debug */,
				68F4E59E2AD9978C00B0526B /* Release */,
			);
			defaultConfigurationIsVisible = 0;
			defaultConfigurationName = Release;
		};
		68F4E5A22AD9978C00B0526B /* Build configuration list for PBXNativeTarget "ChessUITests" */ = {
			isa = XCConfigurationList;
			buildConfigurations = (
				68F4E5A32AD9978C00B0526B /* Debug */,
				68F4E5A42AD9978C00B0526B /* Release */,
			);
			defaultConfigurationIsVisible = 0;
			defaultConfigurationName = Release;
		};
/* End XCConfigurationList section */
	};
	rootObject = 68F4E56A2AD9978B00B0526B /* Project object */;
}
