// !$*UTF8*$!
{
	archiveVersion = 1;
	classes = {
	};
	objectVersion = 56;
	objects = {

/* Begin PBXBuildFile section */
		6824A4992ADEA0FA003F504F /* Board.swift in Sources */ = {isa = PBXBuildFile; fileRef = 6824A4982ADEA0FA003F504F /* Board.swift */; };
		6824B3322ADFB0C1003F504F /* board_p1_t1.swift in Sources */ = {isa = PBXBuildFile; fileRef = 6824B3312ADFB0C1003F504F /* board_p1_t1.swift */; };
		682AD8A02ADE632500DF24D8 /* Pawn.swift in Sources */ = {isa = PBXBuildFile; fileRef = 682AD89F2ADE632500DF24D8 /* Pawn.swift */; };
		6845F3BA2ADFD7FC00BFC0E8 /* pawn_p1_t1.swift in Sources */ = {isa = PBXBuildFile; fileRef = 6845F3B92ADFD7FC00BFC0E8 /* pawn_p1_t1.swift */; };
		6845F3D22ADFDED400BFC0E8 /* pawn_n1_t1.swift in Sources */ = {isa = PBXBuildFile; fileRef = 6845F3D12ADFDED400BFC0E8 /* pawn_n1_t1.swift */; };
		6845F3D42ADFE36F00BFC0E8 /* board_n1_t1.swift in Sources */ = {isa = PBXBuildFile; fileRef = 6845F3D32ADFE36F00BFC0E8 /* board_n1_t1.swift */; };
		68A497172ADBBD83005F1E05 /* AppDelegate.swift in Sources */ = {isa = PBXBuildFile; fileRef = 68A497162ADBBD83005F1E05 /* AppDelegate.swift */; };
		68A497192ADBBD83005F1E05 /* SceneDelegate.swift in Sources */ = {isa = PBXBuildFile; fileRef = 68A497182ADBBD83005F1E05 /* SceneDelegate.swift */; };
		68A4971B2ADBBD83005F1E05 /* ViewController.swift in Sources */ = {isa = PBXBuildFile; fileRef = 68A4971A2ADBBD83005F1E05 /* ViewController.swift */; };
		68A4971E2ADBBD83005F1E05 /* Main.storyboard in Resources */ = {isa = PBXBuildFile; fileRef = 68A4971C2ADBBD83005F1E05 /* Main.storyboard */; };
		68A497202ADBBD85005F1E05 /* Assets.xcassets in Resources */ = {isa = PBXBuildFile; fileRef = 68A4971F2ADBBD85005F1E05 /* Assets.xcassets */; };
		68A497232ADBBD85005F1E05 /* LaunchScreen.storyboard in Resources */ = {isa = PBXBuildFile; fileRef = 68A497212ADBBD85005F1E05 /* LaunchScreen.storyboard */; };
		68A4972E2ADBBD86005F1E05 /* ChessAppTests.swift in Sources */ = {isa = PBXBuildFile; fileRef = 68A4972D2ADBBD86005F1E05 /* ChessAppTests.swift */; };
		68A497382ADBBD86005F1E05 /* ChessAppUITests.swift in Sources */ = {isa = PBXBuildFile; fileRef = 68A497372ADBBD86005F1E05 /* ChessAppUITests.swift */; };
		68A4973A2ADBBD86005F1E05 /* ChessAppUITestsLaunchTests.swift in Sources */ = {isa = PBXBuildFile; fileRef = 68A497392ADBBD86005F1E05 /* ChessAppUITestsLaunchTests.swift */; };
/* End PBXBuildFile section */

/* Begin PBXContainerItemProxy section */
		68A4972A2ADBBD86005F1E05 /* PBXContainerItemProxy */ = {
			isa = PBXContainerItemProxy;
			containerPortal = 68A4970B2ADBBD82005F1E05 /* Project object */;
			proxyType = 1;
			remoteGlobalIDString = 68A497122ADBBD83005F1E05;
			remoteInfo = ChessApp;
		};
		68A497342ADBBD86005F1E05 /* PBXContainerItemProxy */ = {
			isa = PBXContainerItemProxy;
			containerPortal = 68A4970B2ADBBD82005F1E05 /* Project object */;
			proxyType = 1;
			remoteGlobalIDString = 68A497122ADBBD83005F1E05;
			remoteInfo = ChessApp;
		};
/* End PBXContainerItemProxy section */

/* Begin PBXFileReference section */
		6824A4982ADEA0FA003F504F /* Board.swift */ = {isa = PBXFileReference; lastKnownFileType = sourcecode.swift; path = Board.swift; sourceTree = "<group>"; };
		6824B3312ADFB0C1003F504F /* board_p1_t1.swift */ = {isa = PBXFileReference; lastKnownFileType = sourcecode.swift; path = board_p1_t1.swift; sourceTree = "<group>"; };
		682AD89F2ADE632500DF24D8 /* Pawn.swift */ = {isa = PBXFileReference; lastKnownFileType = sourcecode.swift; path = Pawn.swift; sourceTree = "<group>"; };
		6845F3B92ADFD7FC00BFC0E8 /* pawn_p1_t1.swift */ = {isa = PBXFileReference; lastKnownFileType = sourcecode.swift; path = pawn_p1_t1.swift; sourceTree = "<group>"; };
		6845F3D12ADFDED400BFC0E8 /* pawn_n1_t1.swift */ = {isa = PBXFileReference; lastKnownFileType = sourcecode.swift; path = pawn_n1_t1.swift; sourceTree = "<group>"; };
		6845F3D32ADFE36F00BFC0E8 /* board_n1_t1.swift */ = {isa = PBXFileReference; lastKnownFileType = sourcecode.swift; path = board_n1_t1.swift; sourceTree = "<group>"; };
		68A497132ADBBD83005F1E05 /* ChessApp.app */ = {isa = PBXFileReference; explicitFileType = wrapper.application; includeInIndex = 0; path = ChessApp.app; sourceTree = BUILT_PRODUCTS_DIR; };
		68A497162ADBBD83005F1E05 /* AppDelegate.swift */ = {isa = PBXFileReference; lastKnownFileType = sourcecode.swift; path = AppDelegate.swift; sourceTree = "<group>"; };
		68A497182ADBBD83005F1E05 /* SceneDelegate.swift */ = {isa = PBXFileReference; lastKnownFileType = sourcecode.swift; path = SceneDelegate.swift; sourceTree = "<group>"; };
		68A4971A2ADBBD83005F1E05 /* ViewController.swift */ = {isa = PBXFileReference; lastKnownFileType = sourcecode.swift; path = ViewController.swift; sourceTree = "<group>"; };
		68A4971D2ADBBD83005F1E05 /* Base */ = {isa = PBXFileReference; lastKnownFileType = file.storyboard; name = Base; path = Base.lproj/Main.storyboard; sourceTree = "<group>"; };
		68A4971F2ADBBD85005F1E05 /* Assets.xcassets */ = {isa = PBXFileReference; lastKnownFileType = folder.assetcatalog; path = Assets.xcassets; sourceTree = "<group>"; };
		68A497222ADBBD85005F1E05 /* Base */ = {isa = PBXFileReference; lastKnownFileType = file.storyboard; name = Base; path = Base.lproj/LaunchScreen.storyboard; sourceTree = "<group>"; };
		68A497242ADBBD85005F1E05 /* Info.plist */ = {isa = PBXFileReference; lastKnownFileType = text.plist.xml; path = Info.plist; sourceTree = "<group>"; };
		68A497292ADBBD86005F1E05 /* ChessAppTests.xctest */ = {isa = PBXFileReference; explicitFileType = wrapper.cfbundle; includeInIndex = 0; path = ChessAppTests.xctest; sourceTree = BUILT_PRODUCTS_DIR; };
		68A4972D2ADBBD86005F1E05 /* ChessAppTests.swift */ = {isa = PBXFileReference; lastKnownFileType = sourcecode.swift; path = ChessAppTests.swift; sourceTree = "<group>"; };
		68A497332ADBBD86005F1E05 /* ChessAppUITests.xctest */ = {isa = PBXFileReference; explicitFileType = wrapper.cfbundle; includeInIndex = 0; path = ChessAppUITests.xctest; sourceTree = BUILT_PRODUCTS_DIR; };
		68A497372ADBBD86005F1E05 /* ChessAppUITests.swift */ = {isa = PBXFileReference; lastKnownFileType = sourcecode.swift; path = ChessAppUITests.swift; sourceTree = "<group>"; };
		68A497392ADBBD86005F1E05 /* ChessAppUITestsLaunchTests.swift */ = {isa = PBXFileReference; lastKnownFileType = sourcecode.swift; path = ChessAppUITestsLaunchTests.swift; sourceTree = "<group>"; };
/* End PBXFileReference section */

/* Begin PBXFrameworksBuildPhase section */
		68A497102ADBBD83005F1E05 /* Frameworks */ = {
			isa = PBXFrameworksBuildPhase;
			buildActionMask = 2147483647;
			files = (
			);
			runOnlyForDeploymentPostprocessing = 0;
		};
		68A497262ADBBD86005F1E05 /* Frameworks */ = {
			isa = PBXFrameworksBuildPhase;
			buildActionMask = 2147483647;
			files = (
			);
			runOnlyForDeploymentPostprocessing = 0;
		};
		68A497302ADBBD86005F1E05 /* Frameworks */ = {
			isa = PBXFrameworksBuildPhase;
			buildActionMask = 2147483647;
			files = (
			);
			runOnlyForDeploymentPostprocessing = 0;
		};
/* End PBXFrameworksBuildPhase section */

/* Begin PBXGroup section */
		6824B3302ADFB08D003F504F /* BoardTests */ = {
			isa = PBXGroup;
			children = (
				6824B3312ADFB0C1003F504F /* board_p1_t1.swift */,
				6845F3D32ADFE36F00BFC0E8 /* board_n1_t1.swift */,
			);
			path = BoardTests;
			sourceTree = "<group>";
		};
		682AD89E2ADE631300DF24D8 /* Model */ = {
			isa = PBXGroup;
			children = (
				682AD89F2ADE632500DF24D8 /* Pawn.swift */,
				6824A4982ADEA0FA003F504F /* Board.swift */,
			);
			path = Model;
			sourceTree = "<group>";
		};
		6845F3B82ADFD7E600BFC0E8 /* PawnTests */ = {
			isa = PBXGroup;
			children = (
				6845F3B92ADFD7FC00BFC0E8 /* pawn_p1_t1.swift */,
				6845F3D12ADFDED400BFC0E8 /* pawn_n1_t1.swift */,
			);
			path = PawnTests;
			sourceTree = "<group>";
		};
		68A4970A2ADBBD82005F1E05 = {
			isa = PBXGroup;
			children = (
				68A497152ADBBD83005F1E05 /* ChessApp */,
				68A4972C2ADBBD86005F1E05 /* ChessAppTests */,
				68A497362ADBBD86005F1E05 /* ChessAppUITests */,
				68A497142ADBBD83005F1E05 /* Products */,
			);
			sourceTree = "<group>";
		};
		68A497142ADBBD83005F1E05 /* Products */ = {
			isa = PBXGroup;
			children = (
				68A497132ADBBD83005F1E05 /* ChessApp.app */,
				68A497292ADBBD86005F1E05 /* ChessAppTests.xctest */,
				68A497332ADBBD86005F1E05 /* ChessAppUITests.xctest */,
			);
			name = Products;
			sourceTree = "<group>";
		};
		68A497152ADBBD83005F1E05 /* ChessApp */ = {
			isa = PBXGroup;
			children = (
				682AD89E2ADE631300DF24D8 /* Model */,
				68A497162ADBBD83005F1E05 /* AppDelegate.swift */,
				68A497182ADBBD83005F1E05 /* SceneDelegate.swift */,
				68A4971A2ADBBD83005F1E05 /* ViewController.swift */,
				68A4971C2ADBBD83005F1E05 /* Main.storyboard */,
				68A4971F2ADBBD85005F1E05 /* Assets.xcassets */,
				68A497212ADBBD85005F1E05 /* LaunchScreen.storyboard */,
				68A497242ADBBD85005F1E05 /* Info.plist */,
			);
			path = ChessApp;
			sourceTree = "<group>";
		};
		68A4972C2ADBBD86005F1E05 /* ChessAppTests */ = {
			isa = PBXGroup;
			children = (
				6845F3B82ADFD7E600BFC0E8 /* PawnTests */,
				6824B3302ADFB08D003F504F /* BoardTests */,
				68A4972D2ADBBD86005F1E05 /* ChessAppTests.swift */,
			);
			path = ChessAppTests;
			sourceTree = "<group>";
		};
		68A497362ADBBD86005F1E05 /* ChessAppUITests */ = {
			isa = PBXGroup;
			children = (
				68A497372ADBBD86005F1E05 /* ChessAppUITests.swift */,
				68A497392ADBBD86005F1E05 /* ChessAppUITestsLaunchTests.swift */,
			);
			path = ChessAppUITests;
			sourceTree = "<group>";
		};
/* End PBXGroup section */

/* Begin PBXNativeTarget section */
		68A497122ADBBD83005F1E05 /* ChessApp */ = {
			isa = PBXNativeTarget;
			buildConfigurationList = 68A4973D2ADBBD86005F1E05 /* Build configuration list for PBXNativeTarget "ChessApp" */;
			buildPhases = (
				68A4970F2ADBBD83005F1E05 /* Sources */,
				68A497102ADBBD83005F1E05 /* Frameworks */,
				68A497112ADBBD83005F1E05 /* Resources */,
			);
			buildRules = (
			);
			dependencies = (
			);
			name = ChessApp;
			productName = ChessApp;
			productReference = 68A497132ADBBD83005F1E05 /* ChessApp.app */;
			productType = "com.apple.product-type.application";
		};
		68A497282ADBBD86005F1E05 /* ChessAppTests */ = {
			isa = PBXNativeTarget;
			buildConfigurationList = 68A497402ADBBD86005F1E05 /* Build configuration list for PBXNativeTarget "ChessAppTests" */;
			buildPhases = (
				68A497252ADBBD86005F1E05 /* Sources */,
				68A497262ADBBD86005F1E05 /* Frameworks */,
				68A497272ADBBD86005F1E05 /* Resources */,
			);
			buildRules = (
			);
			dependencies = (
				68A4972B2ADBBD86005F1E05 /* PBXTargetDependency */,
			);
			name = ChessAppTests;
			productName = ChessAppTests;
			productReference = 68A497292ADBBD86005F1E05 /* ChessAppTests.xctest */;
			productType = "com.apple.product-type.bundle.unit-test";
		};
		68A497322ADBBD86005F1E05 /* ChessAppUITests */ = {
			isa = PBXNativeTarget;
			buildConfigurationList = 68A497432ADBBD86005F1E05 /* Build configuration list for PBXNativeTarget "ChessAppUITests" */;
			buildPhases = (
				68A4972F2ADBBD86005F1E05 /* Sources */,
				68A497302ADBBD86005F1E05 /* Frameworks */,
				68A497312ADBBD86005F1E05 /* Resources */,
			);
			buildRules = (
			);
			dependencies = (
				68A497352ADBBD86005F1E05 /* PBXTargetDependency */,
			);
			name = ChessAppUITests;
			productName = ChessAppUITests;
			productReference = 68A497332ADBBD86005F1E05 /* ChessAppUITests.xctest */;
			productType = "com.apple.product-type.bundle.ui-testing";
		};
/* End PBXNativeTarget section */

/* Begin PBXProject section */
		68A4970B2ADBBD82005F1E05 /* Project object */ = {
			isa = PBXProject;
			attributes = {
				BuildIndependentTargetsInParallel = 1;
				LastSwiftUpdateCheck = 1500;
				LastUpgradeCheck = 1500;
				TargetAttributes = {
					68A497122ADBBD83005F1E05 = {
						CreatedOnToolsVersion = 15.0;
					};
					68A497282ADBBD86005F1E05 = {
						CreatedOnToolsVersion = 15.0;
						TestTargetID = 68A497122ADBBD83005F1E05;
					};
					68A497322ADBBD86005F1E05 = {
						CreatedOnToolsVersion = 15.0;
						TestTargetID = 68A497122ADBBD83005F1E05;
					};
				};
			};
			buildConfigurationList = 68A4970E2ADBBD82005F1E05 /* Build configuration list for PBXProject "ChessApp" */;
			compatibilityVersion = "Xcode 14.0";
			developmentRegion = en;
			hasScannedForEncodings = 0;
			knownRegions = (
				en,
				Base,
			);
			mainGroup = 68A4970A2ADBBD82005F1E05;
			productRefGroup = 68A497142ADBBD83005F1E05 /* Products */;
			projectDirPath = "";
			projectRoot = "";
			targets = (
				68A497122ADBBD83005F1E05 /* ChessApp */,
				68A497282ADBBD86005F1E05 /* ChessAppTests */,
				68A497322ADBBD86005F1E05 /* ChessAppUITests */,
			);
		};
/* End PBXProject section */

/* Begin PBXResourcesBuildPhase section */
		68A497112ADBBD83005F1E05 /* Resources */ = {
			isa = PBXResourcesBuildPhase;
			buildActionMask = 2147483647;
			files = (
				68A497232ADBBD85005F1E05 /* LaunchScreen.storyboard in Resources */,
				68A497202ADBBD85005F1E05 /* Assets.xcassets in Resources */,
				68A4971E2ADBBD83005F1E05 /* Main.storyboard in Resources */,
			);
			runOnlyForDeploymentPostprocessing = 0;
		};
		68A497272ADBBD86005F1E05 /* Resources */ = {
			isa = PBXResourcesBuildPhase;
			buildActionMask = 2147483647;
			files = (
			);
			runOnlyForDeploymentPostprocessing = 0;
		};
		68A497312ADBBD86005F1E05 /* Resources */ = {
			isa = PBXResourcesBuildPhase;
			buildActionMask = 2147483647;
			files = (
			);
			runOnlyForDeploymentPostprocessing = 0;
		};
/* End PBXResourcesBuildPhase section */

/* Begin PBXSourcesBuildPhase section */
		68A4970F2ADBBD83005F1E05 /* Sources */ = {
			isa = PBXSourcesBuildPhase;
			buildActionMask = 2147483647;
			files = (
				68A4971B2ADBBD83005F1E05 /* ViewController.swift in Sources */,
				6824A4992ADEA0FA003F504F /* Board.swift in Sources */,
				68A497172ADBBD83005F1E05 /* AppDelegate.swift in Sources */,
				682AD8A02ADE632500DF24D8 /* Pawn.swift in Sources */,
				68A497192ADBBD83005F1E05 /* SceneDelegate.swift in Sources */,
			);
			runOnlyForDeploymentPostprocessing = 0;
		};
		68A497252ADBBD86005F1E05 /* Sources */ = {
			isa = PBXSourcesBuildPhase;
			buildActionMask = 2147483647;
			files = (
				6845F3BA2ADFD7FC00BFC0E8 /* pawn_p1_t1.swift in Sources */,
				6824B3322ADFB0C1003F504F /* board_p1_t1.swift in Sources */,
				68A4972E2ADBBD86005F1E05 /* ChessAppTests.swift in Sources */,
				6845F3D22ADFDED400BFC0E8 /* pawn_n1_t1.swift in Sources */,
				6845F3D42ADFE36F00BFC0E8 /* board_n1_t1.swift in Sources */,
			);
			runOnlyForDeploymentPostprocessing = 0;
		};
		68A4972F2ADBBD86005F1E05 /* Sources */ = {
			isa = PBXSourcesBuildPhase;
			buildActionMask = 2147483647;
			files = (
				68A4973A2ADBBD86005F1E05 /* ChessAppUITestsLaunchTests.swift in Sources */,
				68A497382ADBBD86005F1E05 /* ChessAppUITests.swift in Sources */,
			);
			runOnlyForDeploymentPostprocessing = 0;
		};
/* End PBXSourcesBuildPhase section */

/* Begin PBXTargetDependency section */
		68A4972B2ADBBD86005F1E05 /* PBXTargetDependency */ = {
			isa = PBXTargetDependency;
			target = 68A497122ADBBD83005F1E05 /* ChessApp */;
			targetProxy = 68A4972A2ADBBD86005F1E05 /* PBXContainerItemProxy */;
		};
		68A497352ADBBD86005F1E05 /* PBXTargetDependency */ = {
			isa = PBXTargetDependency;
			target = 68A497122ADBBD83005F1E05 /* ChessApp */;
			targetProxy = 68A497342ADBBD86005F1E05 /* PBXContainerItemProxy */;
		};
/* End PBXTargetDependency section */

/* Begin PBXVariantGroup section */
		68A4971C2ADBBD83005F1E05 /* Main.storyboard */ = {
			isa = PBXVariantGroup;
			children = (
				68A4971D2ADBBD83005F1E05 /* Base */,
			);
			name = Main.storyboard;
			sourceTree = "<group>";
		};
		68A497212ADBBD85005F1E05 /* LaunchScreen.storyboard */ = {
			isa = PBXVariantGroup;
			children = (
				68A497222ADBBD85005F1E05 /* Base */,
			);
			name = LaunchScreen.storyboard;
			sourceTree = "<group>";
		};
/* End PBXVariantGroup section */

/* Begin XCBuildConfiguration section */
		68A4973B2ADBBD86005F1E05 /* Debug */ = {
			isa = XCBuildConfiguration;
			buildSettings = {
				ALWAYS_SEARCH_USER_PATHS = NO;
				ASSETCATALOG_COMPILER_GENERATE_SWIFT_ASSET_SYMBOL_EXTENSIONS = YES;
				CLANG_ANALYZER_NONNULL = YES;
				CLANG_ANALYZER_NUMBER_OBJECT_CONVERSION = YES_AGGRESSIVE;
				CLANG_CXX_LANGUAGE_STANDARD = "gnu++20";
				CLANG_ENABLE_MODULES = YES;
				CLANG_ENABLE_OBJC_ARC = YES;
				CLANG_ENABLE_OBJC_WEAK = YES;
				CLANG_WARN_BLOCK_CAPTURE_AUTORELEASING = YES;
				CLANG_WARN_BOOL_CONVERSION = YES;
				CLANG_WARN_COMMA = YES;
				CLANG_WARN_CONSTANT_CONVERSION = YES;
				CLANG_WARN_DEPRECATED_OBJC_IMPLEMENTATIONS = YES;
				CLANG_WARN_DIRECT_OBJC_ISA_USAGE = YES_ERROR;
				CLANG_WARN_DOCUMENTATION_COMMENTS = YES;
				CLANG_WARN_EMPTY_BODY = YES;
				CLANG_WARN_ENUM_CONVERSION = YES;
				CLANG_WARN_INFINITE_RECURSION = YES;
				CLANG_WARN_INT_CONVERSION = YES;
				CLANG_WARN_NON_LITERAL_NULL_CONVERSION = YES;
				CLANG_WARN_OBJC_IMPLICIT_RETAIN_SELF = YES;
				CLANG_WARN_OBJC_LITERAL_CONVERSION = YES;
				CLANG_WARN_OBJC_ROOT_CLASS = YES_ERROR;
				CLANG_WARN_QUOTED_INCLUDE_IN_FRAMEWORK_HEADER = YES;
				CLANG_WARN_RANGE_LOOP_ANALYSIS = YES;
				CLANG_WARN_STRICT_PROTOTYPES = YES;
				CLANG_WARN_SUSPICIOUS_MOVE = YES;
				CLANG_WARN_UNGUARDED_AVAILABILITY = YES_AGGRESSIVE;
				CLANG_WARN_UNREACHABLE_CODE = YES;
				CLANG_WARN__DUPLICATE_METHOD_MATCH = YES;
				COPY_PHASE_STRIP = NO;
				DEBUG_INFORMATION_FORMAT = dwarf;
				ENABLE_STRICT_OBJC_MSGSEND = YES;
				ENABLE_TESTABILITY = YES;
				ENABLE_USER_SCRIPT_SANDBOXING = YES;
				GCC_C_LANGUAGE_STANDARD = gnu17;
				GCC_DYNAMIC_NO_PIC = NO;
				GCC_NO_COMMON_BLOCKS = YES;
				GCC_OPTIMIZATION_LEVEL = 0;
				GCC_PREPROCESSOR_DEFINITIONS = (
					"DEBUG=1",
					"$(inherited)",
				);
				GCC_WARN_64_TO_32_BIT_CONVERSION = YES;
				GCC_WARN_ABOUT_RETURN_TYPE = YES_ERROR;
				GCC_WARN_UNDECLARED_SELECTOR = YES;
				GCC_WARN_UNINITIALIZED_AUTOS = YES_AGGRESSIVE;
				GCC_WARN_UNUSED_FUNCTION = YES;
				GCC_WARN_UNUSED_VARIABLE = YES;
				IPHONEOS_DEPLOYMENT_TARGET = 17.0;
				LOCALIZATION_PREFERS_STRING_CATALOGS = YES;
				MTL_ENABLE_DEBUG_INFO = INCLUDE_SOURCE;
				MTL_FAST_MATH = YES;
				ONLY_ACTIVE_ARCH = YES;
				SDKROOT = iphoneos;
				SWIFT_ACTIVE_COMPILATION_CONDITIONS = "DEBUG $(inherited)";
				SWIFT_OPTIMIZATION_LEVEL = "-Onone";
			};
			name = Debug;
		};
		68A4973C2ADBBD86005F1E05 /* Release */ = {
			isa = XCBuildConfiguration;
			buildSettings = {
				ALWAYS_SEARCH_USER_PATHS = NO;
				ASSETCATALOG_COMPILER_GENERATE_SWIFT_ASSET_SYMBOL_EXTENSIONS = YES;
				CLANG_ANALYZER_NONNULL = YES;
				CLANG_ANALYZER_NUMBER_OBJECT_CONVERSION = YES_AGGRESSIVE;
				CLANG_CXX_LANGUAGE_STANDARD = "gnu++20";
				CLANG_ENABLE_MODULES = YES;
				CLANG_ENABLE_OBJC_ARC = YES;
				CLANG_ENABLE_OBJC_WEAK = YES;
				CLANG_WARN_BLOCK_CAPTURE_AUTORELEASING = YES;
				CLANG_WARN_BOOL_CONVERSION = YES;
				CLANG_WARN_COMMA = YES;
				CLANG_WARN_CONSTANT_CONVERSION = YES;
				CLANG_WARN_DEPRECATED_OBJC_IMPLEMENTATIONS = YES;
				CLANG_WARN_DIRECT_OBJC_ISA_USAGE = YES_ERROR;
				CLANG_WARN_DOCUMENTATION_COMMENTS = YES;
				CLANG_WARN_EMPTY_BODY = YES;
				CLANG_WARN_ENUM_CONVERSION = YES;
				CLANG_WARN_INFINITE_RECURSION = YES;
				CLANG_WARN_INT_CONVERSION = YES;
				CLANG_WARN_NON_LITERAL_NULL_CONVERSION = YES;
				CLANG_WARN_OBJC_IMPLICIT_RETAIN_SELF = YES;
				CLANG_WARN_OBJC_LITERAL_CONVERSION = YES;
				CLANG_WARN_OBJC_ROOT_CLASS = YES_ERROR;
				CLANG_WARN_QUOTED_INCLUDE_IN_FRAMEWORK_HEADER = YES;
				CLANG_WARN_RANGE_LOOP_ANALYSIS = YES;
				CLANG_WARN_STRICT_PROTOTYPES = YES;
				CLANG_WARN_SUSPICIOUS_MOVE = YES;
				CLANG_WARN_UNGUARDED_AVAILABILITY = YES_AGGRESSIVE;
				CLANG_WARN_UNREACHABLE_CODE = YES;
				CLANG_WARN__DUPLICATE_METHOD_MATCH = YES;
				COPY_PHASE_STRIP = NO;
				DEBUG_INFORMATION_FORMAT = "dwarf-with-dsym";
				ENABLE_NS_ASSERTIONS = NO;
				ENABLE_STRICT_OBJC_MSGSEND = YES;
				ENABLE_USER_SCRIPT_SANDBOXING = YES;
				GCC_C_LANGUAGE_STANDARD = gnu17;
				GCC_NO_COMMON_BLOCKS = YES;
				GCC_WARN_64_TO_32_BIT_CONVERSION = YES;
				GCC_WARN_ABOUT_RETURN_TYPE = YES_ERROR;
				GCC_WARN_UNDECLARED_SELECTOR = YES;
				GCC_WARN_UNINITIALIZED_AUTOS = YES_AGGRESSIVE;
				GCC_WARN_UNUSED_FUNCTION = YES;
				GCC_WARN_UNUSED_VARIABLE = YES;
				IPHONEOS_DEPLOYMENT_TARGET = 17.0;
				LOCALIZATION_PREFERS_STRING_CATALOGS = YES;
				MTL_ENABLE_DEBUG_INFO = NO;
				MTL_FAST_MATH = YES;
				SDKROOT = iphoneos;
				SWIFT_COMPILATION_MODE = wholemodule;
				VALIDATE_PRODUCT = YES;
			};
			name = Release;
		};
		68A4973E2ADBBD86005F1E05 /* Debug */ = {
			isa = XCBuildConfiguration;
			buildSettings = {
				ASSETCATALOG_COMPILER_APPICON_NAME = AppIcon;
				ASSETCATALOG_COMPILER_GLOBAL_ACCENT_COLOR_NAME = AccentColor;
				CODE_SIGN_STYLE = Automatic;
				CURRENT_PROJECT_VERSION = 1;
				DEVELOPMENT_TEAM = W832C4SNYD;
				GENERATE_INFOPLIST_FILE = YES;
				INFOPLIST_FILE = ChessApp/Info.plist;
				INFOPLIST_KEY_UIApplicationSupportsIndirectInputEvents = YES;
				INFOPLIST_KEY_UILaunchStoryboardName = LaunchScreen;
				INFOPLIST_KEY_UIMainStoryboardFile = Main;
				INFOPLIST_KEY_UISupportedInterfaceOrientations_iPad = "UIInterfaceOrientationPortrait UIInterfaceOrientationPortraitUpsideDown UIInterfaceOrientationLandscapeLeft UIInterfaceOrientationLandscapeRight";
				INFOPLIST_KEY_UISupportedInterfaceOrientations_iPhone = "UIInterfaceOrientationPortrait UIInterfaceOrientationLandscapeLeft UIInterfaceOrientationLandscapeRight";
				LD_RUNPATH_SEARCH_PATHS = (
					"$(inherited)",
					"@executable_path/Frameworks",
				);
				MARKETING_VERSION = 1.0;
				PRODUCT_BUNDLE_IDENTIFIER = lxxyeon.ChessApp;
				PRODUCT_NAME = "$(TARGET_NAME)";
				SWIFT_EMIT_LOC_STRINGS = YES;
				SWIFT_VERSION = 5.0;
				TARGETED_DEVICE_FAMILY = "1,2";
			};
			name = Debug;
		};
		68A4973F2ADBBD86005F1E05 /* Release */ = {
			isa = XCBuildConfiguration;
			buildSettings = {
				ASSETCATALOG_COMPILER_APPICON_NAME = AppIcon;
				ASSETCATALOG_COMPILER_GLOBAL_ACCENT_COLOR_NAME = AccentColor;
				CODE_SIGN_STYLE = Automatic;
				CURRENT_PROJECT_VERSION = 1;
				DEVELOPMENT_TEAM = W832C4SNYD;
				GENERATE_INFOPLIST_FILE = YES;
				INFOPLIST_FILE = ChessApp/Info.plist;
				INFOPLIST_KEY_UIApplicationSupportsIndirectInputEvents = YES;
				INFOPLIST_KEY_UILaunchStoryboardName = LaunchScreen;
				INFOPLIST_KEY_UIMainStoryboardFile = Main;
				INFOPLIST_KEY_UISupportedInterfaceOrientations_iPad = "UIInterfaceOrientationPortrait UIInterfaceOrientationPortraitUpsideDown UIInterfaceOrientationLandscapeLeft UIInterfaceOrientationLandscapeRight";
				INFOPLIST_KEY_UISupportedInterfaceOrientations_iPhone = "UIInterfaceOrientationPortrait UIInterfaceOrientationLandscapeLeft UIInterfaceOrientationLandscapeRight";
				LD_RUNPATH_SEARCH_PATHS = (
					"$(inherited)",
					"@executable_path/Frameworks",
				);
				MARKETING_VERSION = 1.0;
				PRODUCT_BUNDLE_IDENTIFIER = lxxyeon.ChessApp;
				PRODUCT_NAME = "$(TARGET_NAME)";
				SWIFT_EMIT_LOC_STRINGS = YES;
				SWIFT_VERSION = 5.0;
				TARGETED_DEVICE_FAMILY = "1,2";
			};
			name = Release;
		};
		68A497412ADBBD86005F1E05 /* Debug */ = {
			isa = XCBuildConfiguration;
			buildSettings = {
				ALWAYS_EMBED_SWIFT_STANDARD_LIBRARIES = YES;
				BUNDLE_LOADER = "$(TEST_HOST)";
				CODE_SIGN_STYLE = Automatic;
				CURRENT_PROJECT_VERSION = 1;
				DEVELOPMENT_TEAM = W832C4SNYD;
				GENERATE_INFOPLIST_FILE = YES;
				IPHONEOS_DEPLOYMENT_TARGET = 17.0;
				MARKETING_VERSION = 1.0;
				PRODUCT_BUNDLE_IDENTIFIER = lxxyeon.ChessAppTests;
				PRODUCT_NAME = "$(TARGET_NAME)";
				SWIFT_EMIT_LOC_STRINGS = NO;
				SWIFT_VERSION = 5.0;
				TARGETED_DEVICE_FAMILY = "1,2";
				TEST_HOST = "$(BUILT_PRODUCTS_DIR)/ChessApp.app/$(BUNDLE_EXECUTABLE_FOLDER_PATH)/ChessApp";
			};
			name = Debug;
		};
		68A497422ADBBD86005F1E05 /* Release */ = {
			isa = XCBuildConfiguration;
			buildSettings = {
				ALWAYS_EMBED_SWIFT_STANDARD_LIBRARIES = YES;
				BUNDLE_LOADER = "$(TEST_HOST)";
				CODE_SIGN_STYLE = Automatic;
				CURRENT_PROJECT_VERSION = 1;
				DEVELOPMENT_TEAM = W832C4SNYD;
				GENERATE_INFOPLIST_FILE = YES;
				IPHONEOS_DEPLOYMENT_TARGET = 17.0;
				MARKETING_VERSION = 1.0;
				PRODUCT_BUNDLE_IDENTIFIER = lxxyeon.ChessAppTests;
				PRODUCT_NAME = "$(TARGET_NAME)";
				SWIFT_EMIT_LOC_STRINGS = NO;
				SWIFT_VERSION = 5.0;
				TARGETED_DEVICE_FAMILY = "1,2";
				TEST_HOST = "$(BUILT_PRODUCTS_DIR)/ChessApp.app/$(BUNDLE_EXECUTABLE_FOLDER_PATH)/ChessApp";
			};
			name = Release;
		};
		68A497442ADBBD86005F1E05 /* Debug */ = {
			isa = XCBuildConfiguration;
			buildSettings = {
				ALWAYS_EMBED_SWIFT_STANDARD_LIBRARIES = YES;
				CODE_SIGN_STYLE = Automatic;
				CURRENT_PROJECT_VERSION = 1;
				DEVELOPMENT_TEAM = W832C4SNYD;
				GENERATE_INFOPLIST_FILE = YES;
				MARKETING_VERSION = 1.0;
				PRODUCT_BUNDLE_IDENTIFIER = lxxyeon.ChessAppUITests;
				PRODUCT_NAME = "$(TARGET_NAME)";
				SWIFT_EMIT_LOC_STRINGS = NO;
				SWIFT_VERSION = 5.0;
				TARGETED_DEVICE_FAMILY = "1,2";
				TEST_TARGET_NAME = ChessApp;
			};
			name = Debug;
		};
		68A497452ADBBD86005F1E05 /* Release */ = {
			isa = XCBuildConfiguration;
			buildSettings = {
				ALWAYS_EMBED_SWIFT_STANDARD_LIBRARIES = YES;
				CODE_SIGN_STYLE = Automatic;
				CURRENT_PROJECT_VERSION = 1;
				DEVELOPMENT_TEAM = W832C4SNYD;
				GENERATE_INFOPLIST_FILE = YES;
				MARKETING_VERSION = 1.0;
				PRODUCT_BUNDLE_IDENTIFIER = lxxyeon.ChessAppUITests;
				PRODUCT_NAME = "$(TARGET_NAME)";
				SWIFT_EMIT_LOC_STRINGS = NO;
				SWIFT_VERSION = 5.0;
				TARGETED_DEVICE_FAMILY = "1,2";
				TEST_TARGET_NAME = ChessApp;
			};
			name = Release;
		};
/* End XCBuildConfiguration section */

/* Begin XCConfigurationList section */
		68A4970E2ADBBD82005F1E05 /* Build configuration list for PBXProject "ChessApp" */ = {
			isa = XCConfigurationList;
			buildConfigurations = (
				68A4973B2ADBBD86005F1E05 /* Debug */,
				68A4973C2ADBBD86005F1E05 /* Release */,
			);
			defaultConfigurationIsVisible = 0;
			defaultConfigurationName = Release;
		};
		68A4973D2ADBBD86005F1E05 /* Build configuration list for PBXNativeTarget "ChessApp" */ = {
			isa = XCConfigurationList;
			buildConfigurations = (
				68A4973E2ADBBD86005F1E05 /* Debug */,
				68A4973F2ADBBD86005F1E05 /* Release */,
			);
			defaultConfigurationIsVisible = 0;
			defaultConfigurationName = Release;
		};
		68A497402ADBBD86005F1E05 /* Build configuration list for PBXNativeTarget "ChessAppTests" */ = {
			isa = XCConfigurationList;
			buildConfigurations = (
				68A497412ADBBD86005F1E05 /* Debug */,
				68A497422ADBBD86005F1E05 /* Release */,
			);
			defaultConfigurationIsVisible = 0;
			defaultConfigurationName = Release;
		};
		68A497432ADBBD86005F1E05 /* Build configuration list for PBXNativeTarget "ChessAppUITests" */ = {
			isa = XCConfigurationList;
			buildConfigurations = (
				68A497442ADBBD86005F1E05 /* Debug */,
				68A497452ADBBD86005F1E05 /* Release */,
			);
			defaultConfigurationIsVisible = 0;
			defaultConfigurationName = Release;
		};
/* End XCConfigurationList section */
	};
	rootObject = 68A4970B2ADBBD82005F1E05 /* Project object */;
}
