// !$*UTF8*$!
{
	archiveVersion = 1;
	classes = {
	};
	objectVersion = 56;
	objects = {

/* Begin PBXBuildFile section */
		6FE3DE3A2ADED9FE002FFC2C /* ChessAppApp.swift in Sources */ = {isa = PBXBuildFile; fileRef = 6FE3DE392ADED9FE002FFC2C /* ChessAppApp.swift */; };
		6FE3DE3C2ADED9FE002FFC2C /* ContentView.swift in Sources */ = {isa = PBXBuildFile; fileRef = 6FE3DE3B2ADED9FE002FFC2C /* ContentView.swift */; };
		6FE3DE3E2ADED9FF002FFC2C /* Assets.xcassets in Resources */ = {isa = PBXBuildFile; fileRef = 6FE3DE3D2ADED9FF002FFC2C /* Assets.xcassets */; };
		6FE3DE412ADED9FF002FFC2C /* Preview Assets.xcassets in Resources */ = {isa = PBXBuildFile; fileRef = 6FE3DE402ADED9FF002FFC2C /* Preview Assets.xcassets */; };
		6FE3DE4B2ADED9FF002FFC2C /* ChessAppTests.swift in Sources */ = {isa = PBXBuildFile; fileRef = 6FE3DE4A2ADED9FF002FFC2C /* ChessAppTests.swift */; };
		6FE3DE552ADED9FF002FFC2C /* ChessAppUITests.swift in Sources */ = {isa = PBXBuildFile; fileRef = 6FE3DE542ADED9FF002FFC2C /* ChessAppUITests.swift */; };
		6FE3DE572ADED9FF002FFC2C /* ChessAppUITestsLaunchTests.swift in Sources */ = {isa = PBXBuildFile; fileRef = 6FE3DE562ADED9FF002FFC2C /* ChessAppUITestsLaunchTests.swift */; };
/* End PBXBuildFile section */

/* Begin PBXContainerItemProxy section */
		6FE3DE472ADED9FF002FFC2C /* PBXContainerItemProxy */ = {
			isa = PBXContainerItemProxy;
			containerPortal = 6FE3DE2E2ADED9FE002FFC2C /* Project object */;
			proxyType = 1;
			remoteGlobalIDString = 6FE3DE352ADED9FE002FFC2C;
			remoteInfo = ChessApp;
		};
		6FE3DE512ADED9FF002FFC2C /* PBXContainerItemProxy */ = {
			isa = PBXContainerItemProxy;
			containerPortal = 6FE3DE2E2ADED9FE002FFC2C /* Project object */;
			proxyType = 1;
			remoteGlobalIDString = 6FE3DE352ADED9FE002FFC2C;
			remoteInfo = ChessApp;
		};
/* End PBXContainerItemProxy section */

/* Begin PBXFileReference section */
		6FE3DE362ADED9FE002FFC2C /* ChessApp.app */ = {isa = PBXFileReference; explicitFileType = wrapper.application; includeInIndex = 0; path = ChessApp.app; sourceTree = BUILT_PRODUCTS_DIR; };
		6FE3DE392ADED9FE002FFC2C /* ChessAppApp.swift */ = {isa = PBXFileReference; lastKnownFileType = sourcecode.swift; path = ChessAppApp.swift; sourceTree = "<group>"; };
		6FE3DE3B2ADED9FE002FFC2C /* ContentView.swift */ = {isa = PBXFileReference; lastKnownFileType = sourcecode.swift; path = ContentView.swift; sourceTree = "<group>"; };
		6FE3DE3D2ADED9FF002FFC2C /* Assets.xcassets */ = {isa = PBXFileReference; lastKnownFileType = folder.assetcatalog; path = Assets.xcassets; sourceTree = "<group>"; };
		6FE3DE402ADED9FF002FFC2C /* Preview Assets.xcassets */ = {isa = PBXFileReference; lastKnownFileType = folder.assetcatalog; path = "Preview Assets.xcassets"; sourceTree = "<group>"; };
		6FE3DE462ADED9FF002FFC2C /* ChessAppTests.xctest */ = {isa = PBXFileReference; explicitFileType = wrapper.cfbundle; includeInIndex = 0; path = ChessAppTests.xctest; sourceTree = BUILT_PRODUCTS_DIR; };
		6FE3DE4A2ADED9FF002FFC2C /* ChessAppTests.swift */ = {isa = PBXFileReference; lastKnownFileType = sourcecode.swift; path = ChessAppTests.swift; sourceTree = "<group>"; };
		6FE3DE502ADED9FF002FFC2C /* ChessAppUITests.xctest */ = {isa = PBXFileReference; explicitFileType = wrapper.cfbundle; includeInIndex = 0; path = ChessAppUITests.xctest; sourceTree = BUILT_PRODUCTS_DIR; };
		6FE3DE542ADED9FF002FFC2C /* ChessAppUITests.swift */ = {isa = PBXFileReference; lastKnownFileType = sourcecode.swift; path = ChessAppUITests.swift; sourceTree = "<group>"; };
		6FE3DE562ADED9FF002FFC2C /* ChessAppUITestsLaunchTests.swift */ = {isa = PBXFileReference; lastKnownFileType = sourcecode.swift; path = ChessAppUITestsLaunchTests.swift; sourceTree = "<group>"; };
/* End PBXFileReference section */

/* Begin PBXFrameworksBuildPhase section */
		6FE3DE332ADED9FE002FFC2C /* Frameworks */ = {
			isa = PBXFrameworksBuildPhase;
			buildActionMask = 2147483647;
			files = (
			);
			runOnlyForDeploymentPostprocessing = 0;
		};
		6FE3DE432ADED9FF002FFC2C /* Frameworks */ = {
			isa = PBXFrameworksBuildPhase;
			buildActionMask = 2147483647;
			files = (
			);
			runOnlyForDeploymentPostprocessing = 0;
		};
		6FE3DE4D2ADED9FF002FFC2C /* Frameworks */ = {
			isa = PBXFrameworksBuildPhase;
			buildActionMask = 2147483647;
			files = (
			);
			runOnlyForDeploymentPostprocessing = 0;
		};
/* End PBXFrameworksBuildPhase section */

/* Begin PBXGroup section */
		6FE3DE2D2ADED9FE002FFC2C = {
			isa = PBXGroup;
			children = (
				6FE3DE382ADED9FE002FFC2C /* ChessApp */,
				6FE3DE492ADED9FF002FFC2C /* ChessAppTests */,
				6FE3DE532ADED9FF002FFC2C /* ChessAppUITests */,
				6FE3DE372ADED9FE002FFC2C /* Products */,
			);
			sourceTree = "<group>";
		};
		6FE3DE372ADED9FE002FFC2C /* Products */ = {
			isa = PBXGroup;
			children = (
				6FE3DE362ADED9FE002FFC2C /* ChessApp.app */,
				6FE3DE462ADED9FF002FFC2C /* ChessAppTests.xctest */,
				6FE3DE502ADED9FF002FFC2C /* ChessAppUITests.xctest */,
			);
			name = Products;
			sourceTree = "<group>";
		};
		6FE3DE382ADED9FE002FFC2C /* ChessApp */ = {
			isa = PBXGroup;
			children = (
				6FE3DE392ADED9FE002FFC2C /* ChessAppApp.swift */,
				6FE3DE3B2ADED9FE002FFC2C /* ContentView.swift */,
				6FE3DE3D2ADED9FF002FFC2C /* Assets.xcassets */,
				6FE3DE3F2ADED9FF002FFC2C /* Preview Content */,
			);
			path = ChessApp;
			sourceTree = "<group>";
		};
		6FE3DE3F2ADED9FF002FFC2C /* Preview Content */ = {
			isa = PBXGroup;
			children = (
				6FE3DE402ADED9FF002FFC2C /* Preview Assets.xcassets */,
			);
			path = "Preview Content";
			sourceTree = "<group>";
		};
		6FE3DE492ADED9FF002FFC2C /* ChessAppTests */ = {
			isa = PBXGroup;
			children = (
				6FE3DE4A2ADED9FF002FFC2C /* ChessAppTests.swift */,
			);
			path = ChessAppTests;
			sourceTree = "<group>";
		};
		6FE3DE532ADED9FF002FFC2C /* ChessAppUITests */ = {
			isa = PBXGroup;
			children = (
				6FE3DE542ADED9FF002FFC2C /* ChessAppUITests.swift */,
				6FE3DE562ADED9FF002FFC2C /* ChessAppUITestsLaunchTests.swift */,
			);
			path = ChessAppUITests;
			sourceTree = "<group>";
		};
/* End PBXGroup section */

/* Begin PBXNativeTarget section */
		6FE3DE352ADED9FE002FFC2C /* ChessApp */ = {
			isa = PBXNativeTarget;
			buildConfigurationList = 6FE3DE5A2ADED9FF002FFC2C /* Build configuration list for PBXNativeTarget "ChessApp" */;
			buildPhases = (
				6FE3DE322ADED9FE002FFC2C /* Sources */,
				6FE3DE332ADED9FE002FFC2C /* Frameworks */,
				6FE3DE342ADED9FE002FFC2C /* Resources */,
			);
			buildRules = (
			);
			dependencies = (
			);
			name = ChessApp;
			productName = ChessApp;
			productReference = 6FE3DE362ADED9FE002FFC2C /* ChessApp.app */;
			productType = "com.apple.product-type.application";
		};
		6FE3DE452ADED9FF002FFC2C /* ChessAppTests */ = {
			isa = PBXNativeTarget;
			buildConfigurationList = 6FE3DE5D2ADED9FF002FFC2C /* Build configuration list for PBXNativeTarget "ChessAppTests" */;
			buildPhases = (
				6FE3DE422ADED9FF002FFC2C /* Sources */,
				6FE3DE432ADED9FF002FFC2C /* Frameworks */,
				6FE3DE442ADED9FF002FFC2C /* Resources */,
			);
			buildRules = (
			);
			dependencies = (
				6FE3DE482ADED9FF002FFC2C /* PBXTargetDependency */,
			);
			name = ChessAppTests;
			productName = ChessAppTests;
			productReference = 6FE3DE462ADED9FF002FFC2C /* ChessAppTests.xctest */;
			productType = "com.apple.product-type.bundle.unit-test";
		};
		6FE3DE4F2ADED9FF002FFC2C /* ChessAppUITests */ = {
			isa = PBXNativeTarget;
			buildConfigurationList = 6FE3DE602ADED9FF002FFC2C /* Build configuration list for PBXNativeTarget "ChessAppUITests" */;
			buildPhases = (
				6FE3DE4C2ADED9FF002FFC2C /* Sources */,
				6FE3DE4D2ADED9FF002FFC2C /* Frameworks */,
				6FE3DE4E2ADED9FF002FFC2C /* Resources */,
			);
			buildRules = (
			);
			dependencies = (
				6FE3DE522ADED9FF002FFC2C /* PBXTargetDependency */,
			);
			name = ChessAppUITests;
			productName = ChessAppUITests;
			productReference = 6FE3DE502ADED9FF002FFC2C /* ChessAppUITests.xctest */;
			productType = "com.apple.product-type.bundle.ui-testing";
		};
/* End PBXNativeTarget section */

/* Begin PBXProject section */
		6FE3DE2E2ADED9FE002FFC2C /* Project object */ = {
			isa = PBXProject;
			attributes = {
				BuildIndependentTargetsInParallel = 1;
				LastSwiftUpdateCheck = 1500;
				LastUpgradeCheck = 1500;
				TargetAttributes = {
					6FE3DE352ADED9FE002FFC2C = {
						CreatedOnToolsVersion = 15.0;
					};
					6FE3DE452ADED9FF002FFC2C = {
						CreatedOnToolsVersion = 15.0;
						TestTargetID = 6FE3DE352ADED9FE002FFC2C;
					};
					6FE3DE4F2ADED9FF002FFC2C = {
						CreatedOnToolsVersion = 15.0;
						TestTargetID = 6FE3DE352ADED9FE002FFC2C;
					};
				};
			};
			buildConfigurationList = 6FE3DE312ADED9FE002FFC2C /* Build configuration list for PBXProject "ChessApp" */;
			compatibilityVersion = "Xcode 14.0";
			developmentRegion = en;
			hasScannedForEncodings = 0;
			knownRegions = (
				en,
				Base,
			);
			mainGroup = 6FE3DE2D2ADED9FE002FFC2C;
			productRefGroup = 6FE3DE372ADED9FE002FFC2C /* Products */;
			projectDirPath = "";
			projectRoot = "";
			targets = (
				6FE3DE352ADED9FE002FFC2C /* ChessApp */,
				6FE3DE452ADED9FF002FFC2C /* ChessAppTests */,
				6FE3DE4F2ADED9FF002FFC2C /* ChessAppUITests */,
			);
		};
/* End PBXProject section */

/* Begin PBXResourcesBuildPhase section */
		6FE3DE342ADED9FE002FFC2C /* Resources */ = {
			isa = PBXResourcesBuildPhase;
			buildActionMask = 2147483647;
			files = (
				6FE3DE412ADED9FF002FFC2C /* Preview Assets.xcassets in Resources */,
				6FE3DE3E2ADED9FF002FFC2C /* Assets.xcassets in Resources */,
			);
			runOnlyForDeploymentPostprocessing = 0;
		};
		6FE3DE442ADED9FF002FFC2C /* Resources */ = {
			isa = PBXResourcesBuildPhase;
			buildActionMask = 2147483647;
			files = (
			);
			runOnlyForDeploymentPostprocessing = 0;
		};
		6FE3DE4E2ADED9FF002FFC2C /* Resources */ = {
			isa = PBXResourcesBuildPhase;
			buildActionMask = 2147483647;
			files = (
			);
			runOnlyForDeploymentPostprocessing = 0;
		};
/* End PBXResourcesBuildPhase section */

/* Begin PBXSourcesBuildPhase section */
		6FE3DE322ADED9FE002FFC2C /* Sources */ = {
			isa = PBXSourcesBuildPhase;
			buildActionMask = 2147483647;
			files = (
				6FE3DE3C2ADED9FE002FFC2C /* ContentView.swift in Sources */,
				6FE3DE3A2ADED9FE002FFC2C /* ChessAppApp.swift in Sources */,
			);
			runOnlyForDeploymentPostprocessing = 0;
		};
		6FE3DE422ADED9FF002FFC2C /* Sources */ = {
			isa = PBXSourcesBuildPhase;
			buildActionMask = 2147483647;
			files = (
				6FE3DE4B2ADED9FF002FFC2C /* ChessAppTests.swift in Sources */,
			);
			runOnlyForDeploymentPostprocessing = 0;
		};
		6FE3DE4C2ADED9FF002FFC2C /* Sources */ = {
			isa = PBXSourcesBuildPhase;
			buildActionMask = 2147483647;
			files = (
				6FE3DE572ADED9FF002FFC2C /* ChessAppUITestsLaunchTests.swift in Sources */,
				6FE3DE552ADED9FF002FFC2C /* ChessAppUITests.swift in Sources */,
			);
			runOnlyForDeploymentPostprocessing = 0;
		};
/* End PBXSourcesBuildPhase section */

/* Begin PBXTargetDependency section */
		6FE3DE482ADED9FF002FFC2C /* PBXTargetDependency */ = {
			isa = PBXTargetDependency;
			target = 6FE3DE352ADED9FE002FFC2C /* ChessApp */;
			targetProxy = 6FE3DE472ADED9FF002FFC2C /* PBXContainerItemProxy */;
		};
		6FE3DE522ADED9FF002FFC2C /* PBXTargetDependency */ = {
			isa = PBXTargetDependency;
			target = 6FE3DE352ADED9FE002FFC2C /* ChessApp */;
			targetProxy = 6FE3DE512ADED9FF002FFC2C /* PBXContainerItemProxy */;
		};
/* End PBXTargetDependency section */

/* Begin XCBuildConfiguration section */
		6FE3DE582ADED9FF002FFC2C /* Debug */ = {
			isa = XCBuildConfiguration;
			buildSettings = {
				ALWAYS_SEARCH_USER_PATHS = NO;
				ASSETCATALOG_COMPILER_GENERATE_SWIFT_ASSET_SYMBOL_EXTENSIONS = YES;
				CLANG_ANALYZER_NONNULL = YES;
				CLANG_ANALYZER_NUMBER_OBJECT_CONVERSION = YES_AGGRESSIVE;
				CLANG_CXX_LANGUAGE_STANDARD = "gnu++20";
				CLANG_ENABLE_MODULES = YES;
				CLANG_ENABLE_OBJC_ARC = YES;
				CLANG_ENABLE_OBJC_WEAK = YES;
				CLANG_WARN_BLOCK_CAPTURE_AUTORELEASING = YES;
				CLANG_WARN_BOOL_CONVERSION = YES;
				CLANG_WARN_COMMA = YES;
				CLANG_WARN_CONSTANT_CONVERSION = YES;
				CLANG_WARN_DEPRECATED_OBJC_IMPLEMENTATIONS = YES;
				CLANG_WARN_DIRECT_OBJC_ISA_USAGE = YES_ERROR;
				CLANG_WARN_DOCUMENTATION_COMMENTS = YES;
				CLANG_WARN_EMPTY_BODY = YES;
				CLANG_WARN_ENUM_CONVERSION = YES;
				CLANG_WARN_INFINITE_RECURSION = YES;
				CLANG_WARN_INT_CONVERSION = YES;
				CLANG_WARN_NON_LITERAL_NULL_CONVERSION = YES;
				CLANG_WARN_OBJC_IMPLICIT_RETAIN_SELF = YES;
				CLANG_WARN_OBJC_LITERAL_CONVERSION = YES;
				CLANG_WARN_OBJC_ROOT_CLASS = YES_ERROR;
				CLANG_WARN_QUOTED_INCLUDE_IN_FRAMEWORK_HEADER = YES;
				CLANG_WARN_RANGE_LOOP_ANALYSIS = YES;
				CLANG_WARN_STRICT_PROTOTYPES = YES;
				CLANG_WARN_SUSPICIOUS_MOVE = YES;
				CLANG_WARN_UNGUARDED_AVAILABILITY = YES_AGGRESSIVE;
				CLANG_WARN_UNREACHABLE_CODE = YES;
				CLANG_WARN__DUPLICATE_METHOD_MATCH = YES;
				COPY_PHASE_STRIP = NO;
				DEBUG_INFORMATION_FORMAT = dwarf;
				ENABLE_STRICT_OBJC_MSGSEND = YES;
				ENABLE_TESTABILITY = YES;
				ENABLE_USER_SCRIPT_SANDBOXING = YES;
				GCC_C_LANGUAGE_STANDARD = gnu17;
				GCC_DYNAMIC_NO_PIC = NO;
				GCC_NO_COMMON_BLOCKS = YES;
				GCC_OPTIMIZATION_LEVEL = 0;
				GCC_PREPROCESSOR_DEFINITIONS = (
					"DEBUG=1",
					"$(inherited)",
				);
				GCC_WARN_64_TO_32_BIT_CONVERSION = YES;
				GCC_WARN_ABOUT_RETURN_TYPE = YES_ERROR;
				GCC_WARN_UNDECLARED_SELECTOR = YES;
				GCC_WARN_UNINITIALIZED_AUTOS = YES_AGGRESSIVE;
				GCC_WARN_UNUSED_FUNCTION = YES;
				GCC_WARN_UNUSED_VARIABLE = YES;
				IPHONEOS_DEPLOYMENT_TARGET = 17.0;
				LOCALIZATION_PREFERS_STRING_CATALOGS = YES;
				MTL_ENABLE_DEBUG_INFO = INCLUDE_SOURCE;
				MTL_FAST_MATH = YES;
				ONLY_ACTIVE_ARCH = YES;
				SDKROOT = iphoneos;
				SWIFT_ACTIVE_COMPILATION_CONDITIONS = "DEBUG $(inherited)";
				SWIFT_OPTIMIZATION_LEVEL = "-Onone";
			};
			name = Debug;
		};
		6FE3DE592ADED9FF002FFC2C /* Release */ = {
			isa = XCBuildConfiguration;
			buildSettings = {
				ALWAYS_SEARCH_USER_PATHS = NO;
				ASSETCATALOG_COMPILER_GENERATE_SWIFT_ASSET_SYMBOL_EXTENSIONS = YES;
				CLANG_ANALYZER_NONNULL = YES;
				CLANG_ANALYZER_NUMBER_OBJECT_CONVERSION = YES_AGGRESSIVE;
				CLANG_CXX_LANGUAGE_STANDARD = "gnu++20";
				CLANG_ENABLE_MODULES = YES;
				CLANG_ENABLE_OBJC_ARC = YES;
				CLANG_ENABLE_OBJC_WEAK = YES;
				CLANG_WARN_BLOCK_CAPTURE_AUTORELEASING = YES;
				CLANG_WARN_BOOL_CONVERSION = YES;
				CLANG_WARN_COMMA = YES;
				CLANG_WARN_CONSTANT_CONVERSION = YES;
				CLANG_WARN_DEPRECATED_OBJC_IMPLEMENTATIONS = YES;
				CLANG_WARN_DIRECT_OBJC_ISA_USAGE = YES_ERROR;
				CLANG_WARN_DOCUMENTATION_COMMENTS = YES;
				CLANG_WARN_EMPTY_BODY = YES;
				CLANG_WARN_ENUM_CONVERSION = YES;
				CLANG_WARN_INFINITE_RECURSION = YES;
				CLANG_WARN_INT_CONVERSION = YES;
				CLANG_WARN_NON_LITERAL_NULL_CONVERSION = YES;
				CLANG_WARN_OBJC_IMPLICIT_RETAIN_SELF = YES;
				CLANG_WARN_OBJC_LITERAL_CONVERSION = YES;
				CLANG_WARN_OBJC_ROOT_CLASS = YES_ERROR;
				CLANG_WARN_QUOTED_INCLUDE_IN_FRAMEWORK_HEADER = YES;
				CLANG_WARN_RANGE_LOOP_ANALYSIS = YES;
				CLANG_WARN_STRICT_PROTOTYPES = YES;
				CLANG_WARN_SUSPICIOUS_MOVE = YES;
				CLANG_WARN_UNGUARDED_AVAILABILITY = YES_AGGRESSIVE;
				CLANG_WARN_UNREACHABLE_CODE = YES;
				CLANG_WARN__DUPLICATE_METHOD_MATCH = YES;
				COPY_PHASE_STRIP = NO;
				DEBUG_INFORMATION_FORMAT = "dwarf-with-dsym";
				ENABLE_NS_ASSERTIONS = NO;
				ENABLE_STRICT_OBJC_MSGSEND = YES;
				ENABLE_USER_SCRIPT_SANDBOXING = YES;
				GCC_C_LANGUAGE_STANDARD = gnu17;
				GCC_NO_COMMON_BLOCKS = YES;
				GCC_WARN_64_TO_32_BIT_CONVERSION = YES;
				GCC_WARN_ABOUT_RETURN_TYPE = YES_ERROR;
				GCC_WARN_UNDECLARED_SELECTOR = YES;
				GCC_WARN_UNINITIALIZED_AUTOS = YES_AGGRESSIVE;
				GCC_WARN_UNUSED_FUNCTION = YES;
				GCC_WARN_UNUSED_VARIABLE = YES;
				IPHONEOS_DEPLOYMENT_TARGET = 17.0;
				LOCALIZATION_PREFERS_STRING_CATALOGS = YES;
				MTL_ENABLE_DEBUG_INFO = NO;
				MTL_FAST_MATH = YES;
				SDKROOT = iphoneos;
				SWIFT_COMPILATION_MODE = wholemodule;
				VALIDATE_PRODUCT = YES;
			};
			name = Release;
		};
		6FE3DE5B2ADED9FF002FFC2C /* Debug */ = {
			isa = XCBuildConfiguration;
			buildSettings = {
				ASSETCATALOG_COMPILER_APPICON_NAME = AppIcon;
				ASSETCATALOG_COMPILER_GLOBAL_ACCENT_COLOR_NAME = AccentColor;
				CODE_SIGN_STYLE = Automatic;
				CURRENT_PROJECT_VERSION = 1;
				DEVELOPMENT_ASSET_PATHS = "\"ChessApp/Preview Content\"";
				DEVELOPMENT_TEAM = JT5962HWNA;
				ENABLE_PREVIEWS = YES;
				GENERATE_INFOPLIST_FILE = YES;
				INFOPLIST_KEY_UIApplicationSceneManifest_Generation = YES;
				INFOPLIST_KEY_UIApplicationSupportsIndirectInputEvents = YES;
				INFOPLIST_KEY_UILaunchScreen_Generation = YES;
				INFOPLIST_KEY_UISupportedInterfaceOrientations_iPad = "UIInterfaceOrientationPortrait UIInterfaceOrientationPortraitUpsideDown UIInterfaceOrientationLandscapeLeft UIInterfaceOrientationLandscapeRight";
				INFOPLIST_KEY_UISupportedInterfaceOrientations_iPhone = "UIInterfaceOrientationPortrait UIInterfaceOrientationLandscapeLeft UIInterfaceOrientationLandscapeRight";
				LD_RUNPATH_SEARCH_PATHS = (
					"$(inherited)",
					"@executable_path/Frameworks",
				);
				MARKETING_VERSION = 1.0;
				PRODUCT_BUNDLE_IDENTIFIER = "com.ios-architecture.ChessApp";
				PRODUCT_NAME = "$(TARGET_NAME)";
				SWIFT_EMIT_LOC_STRINGS = YES;
				SWIFT_VERSION = 5.0;
				TARGETED_DEVICE_FAMILY = "1,2";
			};
			name = Debug;
		};
		6FE3DE5C2ADED9FF002FFC2C /* Release */ = {
			isa = XCBuildConfiguration;
			buildSettings = {
				ASSETCATALOG_COMPILER_APPICON_NAME = AppIcon;
				ASSETCATALOG_COMPILER_GLOBAL_ACCENT_COLOR_NAME = AccentColor;
				CODE_SIGN_STYLE = Automatic;
				CURRENT_PROJECT_VERSION = 1;
				DEVELOPMENT_ASSET_PATHS = "\"ChessApp/Preview Content\"";
				DEVELOPMENT_TEAM = JT5962HWNA;
				ENABLE_PREVIEWS = YES;
				GENERATE_INFOPLIST_FILE = YES;
				INFOPLIST_KEY_UIApplicationSceneManifest_Generation = YES;
				INFOPLIST_KEY_UIApplicationSupportsIndirectInputEvents = YES;
				INFOPLIST_KEY_UILaunchScreen_Generation = YES;
				INFOPLIST_KEY_UISupportedInterfaceOrientations_iPad = "UIInterfaceOrientationPortrait UIInterfaceOrientationPortraitUpsideDown UIInterfaceOrientationLandscapeLeft UIInterfaceOrientationLandscapeRight";
				INFOPLIST_KEY_UISupportedInterfaceOrientations_iPhone = "UIInterfaceOrientationPortrait UIInterfaceOrientationLandscapeLeft UIInterfaceOrientationLandscapeRight";
				LD_RUNPATH_SEARCH_PATHS = (
					"$(inherited)",
					"@executable_path/Frameworks",
				);
				MARKETING_VERSION = 1.0;
				PRODUCT_BUNDLE_IDENTIFIER = "com.ios-architecture.ChessApp";
				PRODUCT_NAME = "$(TARGET_NAME)";
				SWIFT_EMIT_LOC_STRINGS = YES;
				SWIFT_VERSION = 5.0;
				TARGETED_DEVICE_FAMILY = "1,2";
			};
			name = Release;
		};
		6FE3DE5E2ADED9FF002FFC2C /* Debug */ = {
			isa = XCBuildConfiguration;
			buildSettings = {
				ALWAYS_EMBED_SWIFT_STANDARD_LIBRARIES = YES;
				BUNDLE_LOADER = "$(TEST_HOST)";
				CODE_SIGN_STYLE = Automatic;
				CURRENT_PROJECT_VERSION = 1;
				DEVELOPMENT_TEAM = JT5962HWNA;
				GENERATE_INFOPLIST_FILE = YES;
				IPHONEOS_DEPLOYMENT_TARGET = 17.0;
				MARKETING_VERSION = 1.0;
				PRODUCT_BUNDLE_IDENTIFIER = "com.ios-architecture.ChessAppTests";
				PRODUCT_NAME = "$(TARGET_NAME)";
				SWIFT_EMIT_LOC_STRINGS = NO;
				SWIFT_VERSION = 5.0;
				TARGETED_DEVICE_FAMILY = "1,2";
				TEST_HOST = "$(BUILT_PRODUCTS_DIR)/ChessApp.app/$(BUNDLE_EXECUTABLE_FOLDER_PATH)/ChessApp";
			};
			name = Debug;
		};
		6FE3DE5F2ADED9FF002FFC2C /* Release */ = {
			isa = XCBuildConfiguration;
			buildSettings = {
				ALWAYS_EMBED_SWIFT_STANDARD_LIBRARIES = YES;
				BUNDLE_LOADER = "$(TEST_HOST)";
				CODE_SIGN_STYLE = Automatic;
				CURRENT_PROJECT_VERSION = 1;
				DEVELOPMENT_TEAM = JT5962HWNA;
				GENERATE_INFOPLIST_FILE = YES;
				IPHONEOS_DEPLOYMENT_TARGET = 17.0;
				MARKETING_VERSION = 1.0;
				PRODUCT_BUNDLE_IDENTIFIER = "com.ios-architecture.ChessAppTests";
				PRODUCT_NAME = "$(TARGET_NAME)";
				SWIFT_EMIT_LOC_STRINGS = NO;
				SWIFT_VERSION = 5.0;
				TARGETED_DEVICE_FAMILY = "1,2";
				TEST_HOST = "$(BUILT_PRODUCTS_DIR)/ChessApp.app/$(BUNDLE_EXECUTABLE_FOLDER_PATH)/ChessApp";
			};
			name = Release;
		};
		6FE3DE612ADED9FF002FFC2C /* Debug */ = {
			isa = XCBuildConfiguration;
			buildSettings = {
				ALWAYS_EMBED_SWIFT_STANDARD_LIBRARIES = YES;
				CODE_SIGN_STYLE = Automatic;
				CURRENT_PROJECT_VERSION = 1;
				DEVELOPMENT_TEAM = JT5962HWNA;
				GENERATE_INFOPLIST_FILE = YES;
				MARKETING_VERSION = 1.0;
				PRODUCT_BUNDLE_IDENTIFIER = "com.ios-architecture.ChessAppUITests";
				PRODUCT_NAME = "$(TARGET_NAME)";
				SWIFT_EMIT_LOC_STRINGS = NO;
				SWIFT_VERSION = 5.0;
				TARGETED_DEVICE_FAMILY = "1,2";
				TEST_TARGET_NAME = ChessApp;
			};
			name = Debug;
		};
		6FE3DE622ADED9FF002FFC2C /* Release */ = {
			isa = XCBuildConfiguration;
			buildSettings = {
				ALWAYS_EMBED_SWIFT_STANDARD_LIBRARIES = YES;
				CODE_SIGN_STYLE = Automatic;
				CURRENT_PROJECT_VERSION = 1;
				DEVELOPMENT_TEAM = JT5962HWNA;
				GENERATE_INFOPLIST_FILE = YES;
				MARKETING_VERSION = 1.0;
				PRODUCT_BUNDLE_IDENTIFIER = "com.ios-architecture.ChessAppUITests";
				PRODUCT_NAME = "$(TARGET_NAME)";
				SWIFT_EMIT_LOC_STRINGS = NO;
				SWIFT_VERSION = 5.0;
				TARGETED_DEVICE_FAMILY = "1,2";
				TEST_TARGET_NAME = ChessApp;
			};
			name = Release;
		};
/* End XCBuildConfiguration section */

/* Begin XCConfigurationList section */
		6FE3DE312ADED9FE002FFC2C /* Build configuration list for PBXProject "ChessApp" */ = {
			isa = XCConfigurationList;
			buildConfigurations = (
				6FE3DE582ADED9FF002FFC2C /* Debug */,
				6FE3DE592ADED9FF002FFC2C /* Release */,
			);
			defaultConfigurationIsVisible = 0;
			defaultConfigurationName = Release;
		};
		6FE3DE5A2ADED9FF002FFC2C /* Build configuration list for PBXNativeTarget "ChessApp" */ = {
			isa = XCConfigurationList;
			buildConfigurations = (
				6FE3DE5B2ADED9FF002FFC2C /* Debug */,
				6FE3DE5C2ADED9FF002FFC2C /* Release */,
			);
			defaultConfigurationIsVisible = 0;
			defaultConfigurationName = Release;
		};
		6FE3DE5D2ADED9FF002FFC2C /* Build configuration list for PBXNativeTarget "ChessAppTests" */ = {
			isa = XCConfigurationList;
			buildConfigurations = (
				6FE3DE5E2ADED9FF002FFC2C /* Debug */,
				6FE3DE5F2ADED9FF002FFC2C /* Release */,
			);
			defaultConfigurationIsVisible = 0;
			defaultConfigurationName = Release;
		};
		6FE3DE602ADED9FF002FFC2C /* Build configuration list for PBXNativeTarget "ChessAppUITests" */ = {
			isa = XCConfigurationList;
			buildConfigurations = (
				6FE3DE612ADED9FF002FFC2C /* Debug */,
				6FE3DE622ADED9FF002FFC2C /* Release */,
			);
			defaultConfigurationIsVisible = 0;
			defaultConfigurationName = Release;
		};
/* End XCConfigurationList section */
	};
	rootObject = 6FE3DE2E2ADED9FE002FFC2C /* Project object */;
}
